// !$*UTF8*$!
{
	archiveVersion = 1;
	classes = {
	};
	objectVersion = 56;
	objects = {

/* Begin PBXBuildFile section */
		B612280A2BA2A2BE00CF8ECC /* AuthenticationInteractorTests.swift in Sources */ = {isa = PBXBuildFile; fileRef = B61228092BA2A2BE00CF8ECC /* AuthenticationInteractorTests.swift */; };
		B628BC7A2BB889630055FB31 /* AlbumAnnotationView.swift in Sources */ = {isa = PBXBuildFile; fileRef = B628BC792BB889630055FB31 /* AlbumAnnotationView.swift */; };
		B628BC7D2BB88C5B0055FB31 /* AlbumAnnotation.swift in Sources */ = {isa = PBXBuildFile; fileRef = B628BC7C2BB88C5B0055FB31 /* AlbumAnnotation.swift */; };
		B628BC862BB898510055FB31 /* SettingRouter.swift in Sources */ = {isa = PBXBuildFile; fileRef = B628BC852BB898510055FB31 /* SettingRouter.swift */; };
		B628BC882BB898560055FB31 /* SettingManager.swift in Sources */ = {isa = PBXBuildFile; fileRef = B628BC872BB898560055FB31 /* SettingManager.swift */; };
		B628BC8A2BB8985D0055FB31 /* SettingPresenter.swift in Sources */ = {isa = PBXBuildFile; fileRef = B628BC892BB8985D0055FB31 /* SettingPresenter.swift */; };
		B628BC8C2BB898670055FB31 /* SettingInteractor.swift in Sources */ = {isa = PBXBuildFile; fileRef = B628BC8B2BB898670055FB31 /* SettingInteractor.swift */; };
		B628BC8E2BB8987C0055FB31 /* SettingViewController.swift in Sources */ = {isa = PBXBuildFile; fileRef = B628BC8D2BB8987C0055FB31 /* SettingViewController.swift */; };
		B628BC912BB898890055FB31 /* SettingProtocol.swift in Sources */ = {isa = PBXBuildFile; fileRef = B628BC902BB898890055FB31 /* SettingProtocol.swift */; };
		B62D4D992BB49CF70093FA40 /* FullImageViewController.swift in Sources */ = {isa = PBXBuildFile; fileRef = B62D4D982BB49CF70093FA40 /* FullImageViewController.swift */; };
		B62D4D9D2BB4A3160093FA40 /* PanImageZoomView.swift in Sources */ = {isa = PBXBuildFile; fileRef = B62D4D9C2BB4A3160093FA40 /* PanImageZoomView.swift */; };
		B62D4DA12BB4B62F0093FA40 /* URLComponentExtractor.swift in Sources */ = {isa = PBXBuildFile; fileRef = B62D4DA02BB4B62F0093FA40 /* URLComponentExtractor.swift */; };
		B63B276D2BAC991E00658F38 /* MapInteractor.swift in Sources */ = {isa = PBXBuildFile; fileRef = B63B276C2BAC991E00658F38 /* MapInteractor.swift */; };
		B63B276F2BAC999100658F38 /* MapPresenter.swift in Sources */ = {isa = PBXBuildFile; fileRef = B63B276E2BAC999100658F38 /* MapPresenter.swift */; };
		B63B27712BAC99BA00658F38 /* MapManager.swift in Sources */ = {isa = PBXBuildFile; fileRef = B63B27702BAC99BA00658F38 /* MapManager.swift */; };
		B63B27732BACA27100658F38 /* DbFunction.swift in Sources */ = {isa = PBXBuildFile; fileRef = B63B27722BACA27100658F38 /* DbFunction.swift */; };
		B63B277A2BACB17100658F38 /* TableName.swift in Sources */ = {isa = PBXBuildFile; fileRef = B63B27792BACB17100658F38 /* TableName.swift */; };
		B63B277C2BACB63D00658F38 /* EnumView.swift in Sources */ = {isa = PBXBuildFile; fileRef = B63B277B2BACB63D00658F38 /* EnumView.swift */; };
		B63B27862BAEA85700658F38 /* CollectionDetailProtocol.swift in Sources */ = {isa = PBXBuildFile; fileRef = B63B27852BAEA85700658F38 /* CollectionDetailProtocol.swift */; };
		B63B27882BAEA86100658F38 /* CollectionDetailRouter.swift in Sources */ = {isa = PBXBuildFile; fileRef = B63B27872BAEA86100658F38 /* CollectionDetailRouter.swift */; };
		B63B278A2BAEA86800658F38 /* CollectionDetailManager.swift in Sources */ = {isa = PBXBuildFile; fileRef = B63B27892BAEA86800658F38 /* CollectionDetailManager.swift */; };
		B63B278C2BAEA86F00658F38 /* CollectionDetailPresenter.swift in Sources */ = {isa = PBXBuildFile; fileRef = B63B278B2BAEA86F00658F38 /* CollectionDetailPresenter.swift */; };
		B63B278E2BAEA87900658F38 /* CollectionDetailInteractor.swift in Sources */ = {isa = PBXBuildFile; fileRef = B63B278D2BAEA87900658F38 /* CollectionDetailInteractor.swift */; };
		B63B27902BAEA88400658F38 /* CollectionDetailViewController.swift in Sources */ = {isa = PBXBuildFile; fileRef = B63B278F2BAEA88400658F38 /* CollectionDetailViewController.swift */; };
		B63B27A22BAEBF7C00658F38 /* SnapKit in Frameworks */ = {isa = PBXBuildFile; productRef = B63B27A12BAEBF7C00658F38 /* SnapKit */; };
		B663A59D2BB0BD5E0087A0BE /* CameraProtocol.swift in Sources */ = {isa = PBXBuildFile; fileRef = B663A59C2BB0BD5E0087A0BE /* CameraProtocol.swift */; };
		B663A59F2BB0BDEE0087A0BE /* CameraInteractor.swift in Sources */ = {isa = PBXBuildFile; fileRef = B663A59E2BB0BDEE0087A0BE /* CameraInteractor.swift */; };
		B663A5A12BB0BDF50087A0BE /* CameraManager.swift in Sources */ = {isa = PBXBuildFile; fileRef = B663A5A02BB0BDF50087A0BE /* CameraManager.swift */; };
		B663A5A32BB0BDFD0087A0BE /* CameraPresenter.swift in Sources */ = {isa = PBXBuildFile; fileRef = B663A5A22BB0BDFD0087A0BE /* CameraPresenter.swift */; };
		B663A5A52BB0BE040087A0BE /* CameraRouter.swift in Sources */ = {isa = PBXBuildFile; fileRef = B663A5A42BB0BE040087A0BE /* CameraRouter.swift */; };
		B66AA6D32BAF305C0070B75F /* UpdateAlbumDTO.swift in Sources */ = {isa = PBXBuildFile; fileRef = B66AA6D22BAF305C0070B75F /* UpdateAlbumDTO.swift */; };
		B66AA6D62BAF387A0070B75F /* InsertAlbumDTO.swift in Sources */ = {isa = PBXBuildFile; fileRef = B66AA6D52BAF387A0070B75F /* InsertAlbumDTO.swift */; };
		B66AA6DA2BAF6CD80070B75F /* PhotoCell.swift in Sources */ = {isa = PBXBuildFile; fileRef = B66AA6D92BAF6CD80070B75F /* PhotoCell.swift */; };
		B66AA6E32BAF77840070B75F /* CameraViewController.swift in Sources */ = {isa = PBXBuildFile; fileRef = B66AA6E22BAF77840070B75F /* CameraViewController.swift */; };
		B685B7CB2BA0C12800D1AB6D /* HomeRouter.swift in Sources */ = {isa = PBXBuildFile; fileRef = B685B7CA2BA0C12800D1AB6D /* HomeRouter.swift */; };
		B685B7D12BA0C20700D1AB6D /* NavigationFactory.swift in Sources */ = {isa = PBXBuildFile; fileRef = B685B7D02BA0C20700D1AB6D /* NavigationFactory.swift */; };
		B685B7D42BA0C68300D1AB6D /* MapProtocol.swift in Sources */ = {isa = PBXBuildFile; fileRef = B685B7D32BA0C68300D1AB6D /* MapProtocol.swift */; };
		B685B7D62BA0CDAE00D1AB6D /* CollectionRouter.swift in Sources */ = {isa = PBXBuildFile; fileRef = B685B7D52BA0CDAE00D1AB6D /* CollectionRouter.swift */; };
		B685B7D82BA0CE4600D1AB6D /* MapRouter.swift in Sources */ = {isa = PBXBuildFile; fileRef = B685B7D72BA0CE4600D1AB6D /* MapRouter.swift */; };
		B685B7DA2BA0CF6400D1AB6D /* HomeProtocol.swift in Sources */ = {isa = PBXBuildFile; fileRef = B685B7D92BA0CF6400D1AB6D /* HomeProtocol.swift */; };
		B685B7E12BA1B69C00D1AB6D /* AuthenticationViewController.swift in Sources */ = {isa = PBXBuildFile; fileRef = B685B7E02BA1B69C00D1AB6D /* AuthenticationViewController.swift */; };
		B685B7E32BA1B6AD00D1AB6D /* AuthenticationInteractor.swift in Sources */ = {isa = PBXBuildFile; fileRef = B685B7E22BA1B6AD00D1AB6D /* AuthenticationInteractor.swift */; };
		B685B7E52BA1B6B600D1AB6D /* AuthenticationManager.swift in Sources */ = {isa = PBXBuildFile; fileRef = B685B7E42BA1B6B600D1AB6D /* AuthenticationManager.swift */; };
		B685B7E72BA1B6BC00D1AB6D /* AuthenticationRouter.swift in Sources */ = {isa = PBXBuildFile; fileRef = B685B7E62BA1B6BC00D1AB6D /* AuthenticationRouter.swift */; };
		B685B7EA2BA1B6DC00D1AB6D /* AuthenticationProtocol.swift in Sources */ = {isa = PBXBuildFile; fileRef = B685B7E92BA1B6DC00D1AB6D /* AuthenticationProtocol.swift */; };
		B685B8062BA1F84200D1AB6D /* Auth in Frameworks */ = {isa = PBXBuildFile; productRef = B685B8052BA1F84200D1AB6D /* Auth */; };
		B685B8082BA1F84200D1AB6D /* Functions in Frameworks */ = {isa = PBXBuildFile; productRef = B685B8072BA1F84200D1AB6D /* Functions */; };
		B685B80A2BA1F84200D1AB6D /* PostgREST in Frameworks */ = {isa = PBXBuildFile; productRef = B685B8092BA1F84200D1AB6D /* PostgREST */; };
		B685B80C2BA1F84200D1AB6D /* Realtime in Frameworks */ = {isa = PBXBuildFile; productRef = B685B80B2BA1F84200D1AB6D /* Realtime */; };
		B685B80E2BA1F84200D1AB6D /* Storage in Frameworks */ = {isa = PBXBuildFile; productRef = B685B80D2BA1F84200D1AB6D /* Storage */; };
		B685B8102BA1F84200D1AB6D /* Supabase in Frameworks */ = {isa = PBXBuildFile; productRef = B685B80F2BA1F84200D1AB6D /* Supabase */; };
		B68A3A3B2BAABA7400AC6A11 /* UIView+RoundedCorner.swift in Sources */ = {isa = PBXBuildFile; fileRef = B68A3A3A2BAABA7400AC6A11 /* UIView+RoundedCorner.swift */; };
		B68A3A412BAABF6B00AC6A11 /* KeychainSwift in Frameworks */ = {isa = PBXBuildFile; productRef = B68A3A402BAABF6B00AC6A11 /* KeychainSwift */; };
		B68A3A432BAAC43400AC6A11 /* KeychainKeyConstant.swift in Sources */ = {isa = PBXBuildFile; fileRef = B68A3A422BAAC43400AC6A11 /* KeychainKeyConstant.swift */; };
		B68A3A472BAACD8400AC6A11 /* AlbumDTO.swift in Sources */ = {isa = PBXBuildFile; fileRef = B68A3A462BAACD8400AC6A11 /* AlbumDTO.swift */; };
		B68A3A492BAACDE700AC6A11 /* AlbumViewModel.swift in Sources */ = {isa = PBXBuildFile; fileRef = B68A3A482BAACDE700AC6A11 /* AlbumViewModel.swift */; };
		B68A3A4B2BAACF3700AC6A11 /* PhotoDTO.swift in Sources */ = {isa = PBXBuildFile; fileRef = B68A3A4A2BAACF3700AC6A11 /* PhotoDTO.swift */; };
		B68A3A4D2BAACFE100AC6A11 /* PhotoViewModel.swift in Sources */ = {isa = PBXBuildFile; fileRef = B68A3A4C2BAACFE100AC6A11 /* PhotoViewModel.swift */; };
		B68A3A512BAAD0C600AC6A11 /* CollectionViewCell.xib in Resources */ = {isa = PBXBuildFile; fileRef = B68A3A502BAAD0C600AC6A11 /* CollectionViewCell.xib */; };
		B68A3A522BAAD0C600AC6A11 /* CollectionViewCell.swift in Sources */ = {isa = PBXBuildFile; fileRef = B68A3A4F2BAAD0C600AC6A11 /* CollectionViewCell.swift */; };
		B68A3A552BAAD4CC00AC6A11 /* Kingfisher in Frameworks */ = {isa = PBXBuildFile; productRef = B68A3A542BAAD4CC00AC6A11 /* Kingfisher */; };
		B694BE472B73CD490084F9FE /* .swiftlint.yml in Resources */ = {isa = PBXBuildFile; fileRef = B694BE462B73CD490084F9FE /* .swiftlint.yml */; };
		B694BE4E2B73D13A0084F9FE /* UIImage+Resize.swift in Sources */ = {isa = PBXBuildFile; fileRef = B694BE4D2B73D13A0084F9FE /* UIImage+Resize.swift */; };
		B694BE522B73D1800084F9FE /* ResourcePath.swift in Sources */ = {isa = PBXBuildFile; fileRef = B694BE512B73D1800084F9FE /* ResourcePath.swift */; };
		B694BE542B73D1F40084F9FE /* AppLabel.swift in Sources */ = {isa = PBXBuildFile; fileRef = B694BE532B73D1F40084F9FE /* AppLabel.swift */; };
		B694BE582B73D3070084F9FE /* Assets.xcassets in Resources */ = {isa = PBXBuildFile; fileRef = B694BE572B73D3070084F9FE /* Assets.xcassets */; };
		B6A162E52BA9D68000C3C96A /* AddCollectionRouter.swift in Sources */ = {isa = PBXBuildFile; fileRef = B6A162E42BA9D68000C3C96A /* AddCollectionRouter.swift */; };
		B6A162E72BA9D69500C3C96A /* AddCollectionProtocol.swift in Sources */ = {isa = PBXBuildFile; fileRef = B6A162E62BA9D69500C3C96A /* AddCollectionProtocol.swift */; };
		B6A162E92BA9D70800C3C96A /* AddCollectionManager.swift in Sources */ = {isa = PBXBuildFile; fileRef = B6A162E82BA9D70800C3C96A /* AddCollectionManager.swift */; };
		B6A162EB2BA9D71400C3C96A /* AddCollectionPresenter.swift in Sources */ = {isa = PBXBuildFile; fileRef = B6A162EA2BA9D71400C3C96A /* AddCollectionPresenter.swift */; };
		B6A162ED2BA9D71C00C3C96A /* AddCollectionInteractor.swift in Sources */ = {isa = PBXBuildFile; fileRef = B6A162EC2BA9D71C00C3C96A /* AddCollectionInteractor.swift */; };
		B6A167692B79732A001457B0 /* AddAlbumViewController.swift in Sources */ = {isa = PBXBuildFile; fileRef = B6A167672B79732A001457B0 /* AddAlbumViewController.swift */; };
		B6A167E32B79A7A1001457B0 /* SceneDelegate.swift in Sources */ = {isa = PBXBuildFile; fileRef = B6A167E22B79A7A1001457B0 /* SceneDelegate.swift */; };
		B6A168612B7B3A4F001457B0 /* GeoBoothUIKitTests.swift in Sources */ = {isa = PBXBuildFile; fileRef = B6A168602B7B3A4F001457B0 /* GeoBoothUIKitTests.swift */; };
		B6A1686E2B7B3A64001457B0 /* GeoBoothUIKitUITests.swift in Sources */ = {isa = PBXBuildFile; fileRef = B6A1686D2B7B3A64001457B0 /* GeoBoothUIKitUITests.swift */; };
		B6A168702B7B3A64001457B0 /* GeoBoothUIKitUITestsLaunchTests.swift in Sources */ = {isa = PBXBuildFile; fileRef = B6A1686F2B7B3A64001457B0 /* GeoBoothUIKitUITestsLaunchTests.swift */; };
		B6A168772B7B3D0A001457B0 /* GeoBoothUIKitTestPlan.xctestplan in Resources */ = {isa = PBXBuildFile; fileRef = B6A168762B7B3D0A001457B0 /* GeoBoothUIKitTestPlan.xctestplan */; };
		B6A168782B7B3D0A001457B0 /* GeoBoothUIKitTestPlan.xctestplan in Resources */ = {isa = PBXBuildFile; fileRef = B6A168762B7B3D0A001457B0 /* GeoBoothUIKitTestPlan.xctestplan */; };
		B6A168792B7B3D0A001457B0 /* GeoBoothUIKitTestPlan.xctestplan in Resources */ = {isa = PBXBuildFile; fileRef = B6A168762B7B3D0A001457B0 /* GeoBoothUIKitTestPlan.xctestplan */; };
		B6B29D4C2B751C120079BB95 /* UIImage+Color.swift in Sources */ = {isa = PBXBuildFile; fileRef = B6B29D4B2B751C120079BB95 /* UIImage+Color.swift */; };
		B6BA6D372B73B9CF00E01723 /* AppDelegate.swift in Sources */ = {isa = PBXBuildFile; fileRef = B6BA6D362B73B9CF00E01723 /* AppDelegate.swift */; };
		B6BA6D3B2B73B9CF00E01723 /* CollectionViewController.swift in Sources */ = {isa = PBXBuildFile; fileRef = B6BA6D3A2B73B9CF00E01723 /* CollectionViewController.swift */; };
		B6BA6D432B73B9D100E01723 /* LaunchScreen.storyboard in Resources */ = {isa = PBXBuildFile; fileRef = B6BA6D412B73B9D100E01723 /* LaunchScreen.storyboard */; };
		B6BA6D4B2B73C02600E01723 /* MapViewController.swift in Sources */ = {isa = PBXBuildFile; fileRef = B6BA6D4A2B73C02600E01723 /* MapViewController.swift */; };
		B6BA6D4D2B73C06E00E01723 /* HomeTabBarController.swift in Sources */ = {isa = PBXBuildFile; fileRef = B6BA6D4C2B73C06E00E01723 /* HomeTabBarController.swift */; };
		B6CE19B02BA20ABF0086A2B1 /* AuthenticationPresenter.swift in Sources */ = {isa = PBXBuildFile; fileRef = B6CE19AF2BA20ABE0086A2B1 /* AuthenticationPresenter.swift */; };
		B6CE19B32BA21B8A0086A2B1 /* CollectionProtocol.swift in Sources */ = {isa = PBXBuildFile; fileRef = B6CE19B22BA21B8A0086A2B1 /* CollectionProtocol.swift */; };
		B6CE19B52BA21CFD0086A2B1 /* CollectionManager.swift in Sources */ = {isa = PBXBuildFile; fileRef = B6CE19B42BA21CFD0086A2B1 /* CollectionManager.swift */; };
		B6CE19B72BA21D050086A2B1 /* CollectionPresenter.swift in Sources */ = {isa = PBXBuildFile; fileRef = B6CE19B62BA21D050086A2B1 /* CollectionPresenter.swift */; };
		B6CE19B92BA21D0D0086A2B1 /* CollectionInteractor.swift in Sources */ = {isa = PBXBuildFile; fileRef = B6CE19B82BA21D0D0086A2B1 /* CollectionInteractor.swift */; };
		B6CE19BC2BA21F910086A2B1 /* Supabase-Secret.plist in Resources */ = {isa = PBXBuildFile; fileRef = B6CE19BB2BA21F910086A2B1 /* Supabase-Secret.plist */; };
		B6CE19BE2BA2213B0086A2B1 /* SupabaseConfig.swift in Sources */ = {isa = PBXBuildFile; fileRef = B6CE19BD2BA2213B0086A2B1 /* SupabaseConfig.swift */; };
		B6CE19C02BA221750086A2B1 /* SupabaseSingleton.swift in Sources */ = {isa = PBXBuildFile; fileRef = B6CE19BF2BA221750086A2B1 /* SupabaseSingleton.swift */; };
		B6CE19C22BA22F3D0086A2B1 /* UserDefaultsKeyConstant.swift in Sources */ = {isa = PBXBuildFile; fileRef = B6CE19C12BA22F3D0086A2B1 /* UserDefaultsKeyConstant.swift */; };
		B6CE19C52BA230B70086A2B1 /* UserDefaultHelper.swift in Sources */ = {isa = PBXBuildFile; fileRef = B6CE19C42BA230B70086A2B1 /* UserDefaultHelper.swift */; };
		B6CE19C92BA235F40086A2B1 /* LoadingViewController.swift in Sources */ = {isa = PBXBuildFile; fileRef = B6CE19C82BA235F40086A2B1 /* LoadingViewController.swift */; };
		B6D1DFF62BB4168500AD415B /* StorageNameConstant.swift in Sources */ = {isa = PBXBuildFile; fileRef = B6D1DFF52BB4168500AD415B /* StorageNameConstant.swift */; };
		B6D1DFF92BB41D2900AD415B /* InsertPhotoDTO.swift in Sources */ = {isa = PBXBuildFile; fileRef = B6D1DFF82BB41D2900AD415B /* InsertPhotoDTO.swift */; };
		B6E4D8C82B75916F000324B8 /* LocationServices.swift in Sources */ = {isa = PBXBuildFile; fileRef = B6E4D8C72B75916F000324B8 /* LocationServices.swift */; };
		B6E4D8CA2B759515000324B8 /* ChangeAuthDelegate.swift in Sources */ = {isa = PBXBuildFile; fileRef = B6E4D8C92B759515000324B8 /* ChangeAuthDelegate.swift */; };
		B6F76D7C2B7BD22C00909C80 /* AddAlbumTableViewController.swift in Sources */ = {isa = PBXBuildFile; fileRef = B6F76D7B2B7BD22C00909C80 /* AddAlbumTableViewController.swift */; };
		B6F76D802B7BDF2800909C80 /* AddAlbumTextFieldTableViewCell.swift in Sources */ = {isa = PBXBuildFile; fileRef = B6F76D7E2B7BDF2800909C80 /* AddAlbumTextFieldTableViewCell.swift */; };
		B6F76D812B7BDF2800909C80 /* AddAlbumTextFieldTableViewCell.xib in Resources */ = {isa = PBXBuildFile; fileRef = B6F76D7F2B7BDF2800909C80 /* AddAlbumTextFieldTableViewCell.xib */; };
		B6F76D842B7BE1EE00909C80 /* MapViewTableViewCell.swift in Sources */ = {isa = PBXBuildFile; fileRef = B6F76D822B7BE1EE00909C80 /* MapViewTableViewCell.swift */; };
		B6F76D852B7BE1EE00909C80 /* MapViewTableViewCell.xib in Resources */ = {isa = PBXBuildFile; fileRef = B6F76D832B7BE1EE00909C80 /* MapViewTableViewCell.xib */; };
		B6F76D882B7BE69700909C80 /* AddAlbumButtonTableViewCell.swift in Sources */ = {isa = PBXBuildFile; fileRef = B6F76D862B7BE69700909C80 /* AddAlbumButtonTableViewCell.swift */; };
		B6F76D892B7BE69700909C80 /* AddAlbumButtonTableViewCell.xib in Resources */ = {isa = PBXBuildFile; fileRef = B6F76D872B7BE69700909C80 /* AddAlbumButtonTableViewCell.xib */; };
/* End PBXBuildFile section */

/* Begin PBXContainerItemProxy section */
		B6A168622B7B3A4F001457B0 /* PBXContainerItemProxy */ = {
			isa = PBXContainerItemProxy;
			containerPortal = B6BA6D2B2B73B9CF00E01723 /* Project object */;
			proxyType = 1;
			remoteGlobalIDString = B6BA6D322B73B9CF00E01723;
			remoteInfo = GeoBoothUIKit;
		};
		B6A168712B7B3A64001457B0 /* PBXContainerItemProxy */ = {
			isa = PBXContainerItemProxy;
			containerPortal = B6BA6D2B2B73B9CF00E01723 /* Project object */;
			proxyType = 1;
			remoteGlobalIDString = B6BA6D322B73B9CF00E01723;
			remoteInfo = GeoBoothUIKit;
		};
/* End PBXContainerItemProxy section */

/* Begin PBXFileReference section */
		B61228092BA2A2BE00CF8ECC /* AuthenticationInteractorTests.swift */ = {isa = PBXFileReference; lastKnownFileType = sourcecode.swift; path = AuthenticationInteractorTests.swift; sourceTree = "<group>"; };
		B628BC792BB889630055FB31 /* AlbumAnnotationView.swift */ = {isa = PBXFileReference; lastKnownFileType = sourcecode.swift; path = AlbumAnnotationView.swift; sourceTree = "<group>"; };
		B628BC7C2BB88C5B0055FB31 /* AlbumAnnotation.swift */ = {isa = PBXFileReference; lastKnownFileType = sourcecode.swift; path = AlbumAnnotation.swift; sourceTree = "<group>"; };
		B628BC852BB898510055FB31 /* SettingRouter.swift */ = {isa = PBXFileReference; lastKnownFileType = sourcecode.swift; path = SettingRouter.swift; sourceTree = "<group>"; };
		B628BC872BB898560055FB31 /* SettingManager.swift */ = {isa = PBXFileReference; lastKnownFileType = sourcecode.swift; path = SettingManager.swift; sourceTree = "<group>"; };
		B628BC892BB8985D0055FB31 /* SettingPresenter.swift */ = {isa = PBXFileReference; lastKnownFileType = sourcecode.swift; path = SettingPresenter.swift; sourceTree = "<group>"; };
		B628BC8B2BB898670055FB31 /* SettingInteractor.swift */ = {isa = PBXFileReference; lastKnownFileType = sourcecode.swift; path = SettingInteractor.swift; sourceTree = "<group>"; };
		B628BC8D2BB8987C0055FB31 /* SettingViewController.swift */ = {isa = PBXFileReference; lastKnownFileType = sourcecode.swift; path = SettingViewController.swift; sourceTree = "<group>"; };
		B628BC902BB898890055FB31 /* SettingProtocol.swift */ = {isa = PBXFileReference; lastKnownFileType = sourcecode.swift; path = SettingProtocol.swift; sourceTree = "<group>"; };
		B62D4D982BB49CF70093FA40 /* FullImageViewController.swift */ = {isa = PBXFileReference; lastKnownFileType = sourcecode.swift; path = FullImageViewController.swift; sourceTree = "<group>"; };
		B62D4D9C2BB4A3160093FA40 /* PanImageZoomView.swift */ = {isa = PBXFileReference; lastKnownFileType = sourcecode.swift; path = PanImageZoomView.swift; sourceTree = "<group>"; };
		B62D4DA02BB4B62F0093FA40 /* URLComponentExtractor.swift */ = {isa = PBXFileReference; lastKnownFileType = sourcecode.swift; path = URLComponentExtractor.swift; sourceTree = "<group>"; };
		B63B276C2BAC991E00658F38 /* MapInteractor.swift */ = {isa = PBXFileReference; lastKnownFileType = sourcecode.swift; path = MapInteractor.swift; sourceTree = "<group>"; };
		B63B276E2BAC999100658F38 /* MapPresenter.swift */ = {isa = PBXFileReference; lastKnownFileType = sourcecode.swift; path = MapPresenter.swift; sourceTree = "<group>"; };
		B63B27702BAC99BA00658F38 /* MapManager.swift */ = {isa = PBXFileReference; lastKnownFileType = sourcecode.swift; path = MapManager.swift; sourceTree = "<group>"; };
		B63B27722BACA27100658F38 /* DbFunction.swift */ = {isa = PBXFileReference; lastKnownFileType = sourcecode.swift; path = DbFunction.swift; sourceTree = "<group>"; };
		B63B27792BACB17100658F38 /* TableName.swift */ = {isa = PBXFileReference; lastKnownFileType = sourcecode.swift; path = TableName.swift; sourceTree = "<group>"; };
		B63B277B2BACB63D00658F38 /* EnumView.swift */ = {isa = PBXFileReference; lastKnownFileType = sourcecode.swift; path = EnumView.swift; sourceTree = "<group>"; };
		B63B27852BAEA85700658F38 /* CollectionDetailProtocol.swift */ = {isa = PBXFileReference; lastKnownFileType = sourcecode.swift; path = CollectionDetailProtocol.swift; sourceTree = "<group>"; };
		B63B27872BAEA86100658F38 /* CollectionDetailRouter.swift */ = {isa = PBXFileReference; lastKnownFileType = sourcecode.swift; path = CollectionDetailRouter.swift; sourceTree = "<group>"; };
		B63B27892BAEA86800658F38 /* CollectionDetailManager.swift */ = {isa = PBXFileReference; lastKnownFileType = sourcecode.swift; path = CollectionDetailManager.swift; sourceTree = "<group>"; };
		B63B278B2BAEA86F00658F38 /* CollectionDetailPresenter.swift */ = {isa = PBXFileReference; lastKnownFileType = sourcecode.swift; path = CollectionDetailPresenter.swift; sourceTree = "<group>"; };
		B63B278D2BAEA87900658F38 /* CollectionDetailInteractor.swift */ = {isa = PBXFileReference; lastKnownFileType = sourcecode.swift; path = CollectionDetailInteractor.swift; sourceTree = "<group>"; };
		B63B278F2BAEA88400658F38 /* CollectionDetailViewController.swift */ = {isa = PBXFileReference; lastKnownFileType = sourcecode.swift; path = CollectionDetailViewController.swift; sourceTree = "<group>"; };
		B663A59C2BB0BD5E0087A0BE /* CameraProtocol.swift */ = {isa = PBXFileReference; lastKnownFileType = sourcecode.swift; path = CameraProtocol.swift; sourceTree = "<group>"; };
		B663A59E2BB0BDEE0087A0BE /* CameraInteractor.swift */ = {isa = PBXFileReference; lastKnownFileType = sourcecode.swift; path = CameraInteractor.swift; sourceTree = "<group>"; };
		B663A5A02BB0BDF50087A0BE /* CameraManager.swift */ = {isa = PBXFileReference; lastKnownFileType = sourcecode.swift; path = CameraManager.swift; sourceTree = "<group>"; };
		B663A5A22BB0BDFD0087A0BE /* CameraPresenter.swift */ = {isa = PBXFileReference; lastKnownFileType = sourcecode.swift; path = CameraPresenter.swift; sourceTree = "<group>"; };
		B663A5A42BB0BE040087A0BE /* CameraRouter.swift */ = {isa = PBXFileReference; lastKnownFileType = sourcecode.swift; path = CameraRouter.swift; sourceTree = "<group>"; };
		B66AA6D22BAF305C0070B75F /* UpdateAlbumDTO.swift */ = {isa = PBXFileReference; lastKnownFileType = sourcecode.swift; path = UpdateAlbumDTO.swift; sourceTree = "<group>"; };
		B66AA6D52BAF387A0070B75F /* InsertAlbumDTO.swift */ = {isa = PBXFileReference; lastKnownFileType = sourcecode.swift; path = InsertAlbumDTO.swift; sourceTree = "<group>"; };
		B66AA6D82BAF3BAF0070B75F /* ci_pre_xcodebuild.sh */ = {isa = PBXFileReference; lastKnownFileType = text.script.sh; path = ci_pre_xcodebuild.sh; sourceTree = "<group>"; };
		B66AA6D92BAF6CD80070B75F /* PhotoCell.swift */ = {isa = PBXFileReference; lastKnownFileType = sourcecode.swift; path = PhotoCell.swift; sourceTree = "<group>"; };
		B66AA6E22BAF77840070B75F /* CameraViewController.swift */ = {isa = PBXFileReference; lastKnownFileType = sourcecode.swift; path = CameraViewController.swift; sourceTree = "<group>"; };
		B685B7CA2BA0C12800D1AB6D /* HomeRouter.swift */ = {isa = PBXFileReference; lastKnownFileType = sourcecode.swift; path = HomeRouter.swift; sourceTree = "<group>"; };
		B685B7D02BA0C20700D1AB6D /* NavigationFactory.swift */ = {isa = PBXFileReference; lastKnownFileType = sourcecode.swift; path = NavigationFactory.swift; sourceTree = "<group>"; };
		B685B7D32BA0C68300D1AB6D /* MapProtocol.swift */ = {isa = PBXFileReference; lastKnownFileType = sourcecode.swift; path = MapProtocol.swift; sourceTree = "<group>"; };
		B685B7D52BA0CDAE00D1AB6D /* CollectionRouter.swift */ = {isa = PBXFileReference; lastKnownFileType = sourcecode.swift; path = CollectionRouter.swift; sourceTree = "<group>"; };
		B685B7D72BA0CE4600D1AB6D /* MapRouter.swift */ = {isa = PBXFileReference; lastKnownFileType = sourcecode.swift; path = MapRouter.swift; sourceTree = "<group>"; };
		B685B7D92BA0CF6400D1AB6D /* HomeProtocol.swift */ = {isa = PBXFileReference; fileEncoding = 4; lastKnownFileType = sourcecode.swift; path = HomeProtocol.swift; sourceTree = "<group>"; };
		B685B7E02BA1B69C00D1AB6D /* AuthenticationViewController.swift */ = {isa = PBXFileReference; lastKnownFileType = sourcecode.swift; path = AuthenticationViewController.swift; sourceTree = "<group>"; };
		B685B7E22BA1B6AD00D1AB6D /* AuthenticationInteractor.swift */ = {isa = PBXFileReference; lastKnownFileType = sourcecode.swift; path = AuthenticationInteractor.swift; sourceTree = "<group>"; };
		B685B7E42BA1B6B600D1AB6D /* AuthenticationManager.swift */ = {isa = PBXFileReference; lastKnownFileType = sourcecode.swift; path = AuthenticationManager.swift; sourceTree = "<group>"; };
		B685B7E62BA1B6BC00D1AB6D /* AuthenticationRouter.swift */ = {isa = PBXFileReference; lastKnownFileType = sourcecode.swift; path = AuthenticationRouter.swift; sourceTree = "<group>"; };
		B685B7E92BA1B6DC00D1AB6D /* AuthenticationProtocol.swift */ = {isa = PBXFileReference; lastKnownFileType = sourcecode.swift; path = AuthenticationProtocol.swift; sourceTree = "<group>"; };
		B68A3A3A2BAABA7400AC6A11 /* UIView+RoundedCorner.swift */ = {isa = PBXFileReference; lastKnownFileType = sourcecode.swift; path = "UIView+RoundedCorner.swift"; sourceTree = "<group>"; };
		B68A3A422BAAC43400AC6A11 /* KeychainKeyConstant.swift */ = {isa = PBXFileReference; lastKnownFileType = sourcecode.swift; path = KeychainKeyConstant.swift; sourceTree = "<group>"; };
		B68A3A462BAACD8400AC6A11 /* AlbumDTO.swift */ = {isa = PBXFileReference; lastKnownFileType = sourcecode.swift; path = AlbumDTO.swift; sourceTree = "<group>"; };
		B68A3A482BAACDE700AC6A11 /* AlbumViewModel.swift */ = {isa = PBXFileReference; lastKnownFileType = sourcecode.swift; path = AlbumViewModel.swift; sourceTree = "<group>"; };
		B68A3A4A2BAACF3700AC6A11 /* PhotoDTO.swift */ = {isa = PBXFileReference; lastKnownFileType = sourcecode.swift; path = PhotoDTO.swift; sourceTree = "<group>"; };
		B68A3A4C2BAACFE100AC6A11 /* PhotoViewModel.swift */ = {isa = PBXFileReference; lastKnownFileType = sourcecode.swift; path = PhotoViewModel.swift; sourceTree = "<group>"; };
		B68A3A4F2BAAD0C600AC6A11 /* CollectionViewCell.swift */ = {isa = PBXFileReference; lastKnownFileType = sourcecode.swift; path = CollectionViewCell.swift; sourceTree = "<group>"; };
		B68A3A502BAAD0C600AC6A11 /* CollectionViewCell.xib */ = {isa = PBXFileReference; lastKnownFileType = file.xib; path = CollectionViewCell.xib; sourceTree = "<group>"; };
		B694BE462B73CD490084F9FE /* .swiftlint.yml */ = {isa = PBXFileReference; lastKnownFileType = text.yaml; path = .swiftlint.yml; sourceTree = "<group>"; };
		B694BE4D2B73D13A0084F9FE /* UIImage+Resize.swift */ = {isa = PBXFileReference; fileEncoding = 4; lastKnownFileType = sourcecode.swift; path = "UIImage+Resize.swift"; sourceTree = "<group>"; };
		B694BE512B73D1800084F9FE /* ResourcePath.swift */ = {isa = PBXFileReference; lastKnownFileType = sourcecode.swift; path = ResourcePath.swift; sourceTree = "<group>"; };
		B694BE532B73D1F40084F9FE /* AppLabel.swift */ = {isa = PBXFileReference; lastKnownFileType = sourcecode.swift; path = AppLabel.swift; sourceTree = "<group>"; };
		B694BE572B73D3070084F9FE /* Assets.xcassets */ = {isa = PBXFileReference; lastKnownFileType = folder.assetcatalog; path = Assets.xcassets; sourceTree = "<group>"; };
		B6A162E42BA9D68000C3C96A /* AddCollectionRouter.swift */ = {isa = PBXFileReference; lastKnownFileType = sourcecode.swift; path = AddCollectionRouter.swift; sourceTree = "<group>"; };
		B6A162E62BA9D69500C3C96A /* AddCollectionProtocol.swift */ = {isa = PBXFileReference; lastKnownFileType = sourcecode.swift; path = AddCollectionProtocol.swift; sourceTree = "<group>"; };
		B6A162E82BA9D70800C3C96A /* AddCollectionManager.swift */ = {isa = PBXFileReference; lastKnownFileType = sourcecode.swift; path = AddCollectionManager.swift; sourceTree = "<group>"; };
		B6A162EA2BA9D71400C3C96A /* AddCollectionPresenter.swift */ = {isa = PBXFileReference; lastKnownFileType = sourcecode.swift; path = AddCollectionPresenter.swift; sourceTree = "<group>"; };
		B6A162EC2BA9D71C00C3C96A /* AddCollectionInteractor.swift */ = {isa = PBXFileReference; lastKnownFileType = sourcecode.swift; path = AddCollectionInteractor.swift; sourceTree = "<group>"; };
		B6A167672B79732A001457B0 /* AddAlbumViewController.swift */ = {isa = PBXFileReference; lastKnownFileType = sourcecode.swift; path = AddAlbumViewController.swift; sourceTree = "<group>"; };
		B6A167E22B79A7A1001457B0 /* SceneDelegate.swift */ = {isa = PBXFileReference; lastKnownFileType = sourcecode.swift; path = SceneDelegate.swift; sourceTree = "<group>"; };
		B6A1685E2B7B3A4F001457B0 /* GeoBoothUIKitTests.xctest */ = {isa = PBXFileReference; explicitFileType = wrapper.cfbundle; includeInIndex = 0; path = GeoBoothUIKitTests.xctest; sourceTree = BUILT_PRODUCTS_DIR; };
		B6A168602B7B3A4F001457B0 /* GeoBoothUIKitTests.swift */ = {isa = PBXFileReference; lastKnownFileType = sourcecode.swift; path = GeoBoothUIKitTests.swift; sourceTree = "<group>"; };
		B6A1686B2B7B3A63001457B0 /* GeoBoothUIKitUITests.xctest */ = {isa = PBXFileReference; explicitFileType = wrapper.cfbundle; includeInIndex = 0; path = GeoBoothUIKitUITests.xctest; sourceTree = BUILT_PRODUCTS_DIR; };
		B6A1686D2B7B3A64001457B0 /* GeoBoothUIKitUITests.swift */ = {isa = PBXFileReference; lastKnownFileType = sourcecode.swift; path = GeoBoothUIKitUITests.swift; sourceTree = "<group>"; };
		B6A1686F2B7B3A64001457B0 /* GeoBoothUIKitUITestsLaunchTests.swift */ = {isa = PBXFileReference; lastKnownFileType = sourcecode.swift; path = GeoBoothUIKitUITestsLaunchTests.swift; sourceTree = "<group>"; };
		B6A168762B7B3D0A001457B0 /* GeoBoothUIKitTestPlan.xctestplan */ = {isa = PBXFileReference; fileEncoding = 4; lastKnownFileType = text; path = GeoBoothUIKitTestPlan.xctestplan; sourceTree = "<group>"; };
		B6B29D4B2B751C120079BB95 /* UIImage+Color.swift */ = {isa = PBXFileReference; lastKnownFileType = sourcecode.swift; path = "UIImage+Color.swift"; sourceTree = "<group>"; };
		B6BA6D332B73B9CF00E01723 /* GeoBoothUIKit.app */ = {isa = PBXFileReference; explicitFileType = wrapper.application; includeInIndex = 0; path = GeoBoothUIKit.app; sourceTree = BUILT_PRODUCTS_DIR; };
		B6BA6D362B73B9CF00E01723 /* AppDelegate.swift */ = {isa = PBXFileReference; lastKnownFileType = sourcecode.swift; path = AppDelegate.swift; sourceTree = "<group>"; };
		B6BA6D3A2B73B9CF00E01723 /* CollectionViewController.swift */ = {isa = PBXFileReference; lastKnownFileType = sourcecode.swift; path = CollectionViewController.swift; sourceTree = "<group>"; };
		B6BA6D422B73B9D100E01723 /* Base */ = {isa = PBXFileReference; lastKnownFileType = file.storyboard; name = Base; path = Base.lproj/LaunchScreen.storyboard; sourceTree = "<group>"; };
		B6BA6D442B73B9D100E01723 /* Info.plist */ = {isa = PBXFileReference; lastKnownFileType = text.plist.xml; path = Info.plist; sourceTree = "<group>"; };
		B6BA6D4A2B73C02600E01723 /* MapViewController.swift */ = {isa = PBXFileReference; lastKnownFileType = sourcecode.swift; path = MapViewController.swift; sourceTree = "<group>"; };
		B6BA6D4C2B73C06E00E01723 /* HomeTabBarController.swift */ = {isa = PBXFileReference; lastKnownFileType = sourcecode.swift; path = HomeTabBarController.swift; sourceTree = "<group>"; };
		B6CE19AF2BA20ABE0086A2B1 /* AuthenticationPresenter.swift */ = {isa = PBXFileReference; lastKnownFileType = sourcecode.swift; path = AuthenticationPresenter.swift; sourceTree = "<group>"; };
		B6CE19B22BA21B8A0086A2B1 /* CollectionProtocol.swift */ = {isa = PBXFileReference; lastKnownFileType = sourcecode.swift; path = CollectionProtocol.swift; sourceTree = "<group>"; };
		B6CE19B42BA21CFD0086A2B1 /* CollectionManager.swift */ = {isa = PBXFileReference; lastKnownFileType = sourcecode.swift; path = CollectionManager.swift; sourceTree = "<group>"; };
		B6CE19B62BA21D050086A2B1 /* CollectionPresenter.swift */ = {isa = PBXFileReference; lastKnownFileType = sourcecode.swift; path = CollectionPresenter.swift; sourceTree = "<group>"; };
		B6CE19B82BA21D0D0086A2B1 /* CollectionInteractor.swift */ = {isa = PBXFileReference; lastKnownFileType = sourcecode.swift; path = CollectionInteractor.swift; sourceTree = "<group>"; };
		B6CE19BB2BA21F910086A2B1 /* Supabase-Secret.plist */ = {isa = PBXFileReference; lastKnownFileType = text.plist.xml; path = "Supabase-Secret.plist"; sourceTree = "<group>"; };
		B6CE19BD2BA2213B0086A2B1 /* SupabaseConfig.swift */ = {isa = PBXFileReference; lastKnownFileType = sourcecode.swift; path = SupabaseConfig.swift; sourceTree = "<group>"; };
		B6CE19BF2BA221750086A2B1 /* SupabaseSingleton.swift */ = {isa = PBXFileReference; lastKnownFileType = sourcecode.swift; path = SupabaseSingleton.swift; sourceTree = "<group>"; };
		B6CE19C12BA22F3D0086A2B1 /* UserDefaultsKeyConstant.swift */ = {isa = PBXFileReference; lastKnownFileType = sourcecode.swift; path = UserDefaultsKeyConstant.swift; sourceTree = "<group>"; };
		B6CE19C42BA230B70086A2B1 /* UserDefaultHelper.swift */ = {isa = PBXFileReference; lastKnownFileType = sourcecode.swift; path = UserDefaultHelper.swift; sourceTree = "<group>"; };
		B6CE19C82BA235F40086A2B1 /* LoadingViewController.swift */ = {isa = PBXFileReference; lastKnownFileType = sourcecode.swift; path = LoadingViewController.swift; sourceTree = "<group>"; };
		B6D1DFF52BB4168500AD415B /* StorageNameConstant.swift */ = {isa = PBXFileReference; lastKnownFileType = sourcecode.swift; path = StorageNameConstant.swift; sourceTree = "<group>"; };
		B6D1DFF82BB41D2900AD415B /* InsertPhotoDTO.swift */ = {isa = PBXFileReference; lastKnownFileType = sourcecode.swift; path = InsertPhotoDTO.swift; sourceTree = "<group>"; };
		B6E4D8C72B75916F000324B8 /* LocationServices.swift */ = {isa = PBXFileReference; lastKnownFileType = sourcecode.swift; path = LocationServices.swift; sourceTree = "<group>"; };
		B6E4D8C92B759515000324B8 /* ChangeAuthDelegate.swift */ = {isa = PBXFileReference; lastKnownFileType = sourcecode.swift; path = ChangeAuthDelegate.swift; sourceTree = "<group>"; };
		B6F76D7B2B7BD22C00909C80 /* AddAlbumTableViewController.swift */ = {isa = PBXFileReference; lastKnownFileType = sourcecode.swift; path = AddAlbumTableViewController.swift; sourceTree = "<group>"; };
		B6F76D7E2B7BDF2800909C80 /* AddAlbumTextFieldTableViewCell.swift */ = {isa = PBXFileReference; lastKnownFileType = sourcecode.swift; path = AddAlbumTextFieldTableViewCell.swift; sourceTree = "<group>"; };
		B6F76D7F2B7BDF2800909C80 /* AddAlbumTextFieldTableViewCell.xib */ = {isa = PBXFileReference; lastKnownFileType = file.xib; path = AddAlbumTextFieldTableViewCell.xib; sourceTree = "<group>"; };
		B6F76D822B7BE1EE00909C80 /* MapViewTableViewCell.swift */ = {isa = PBXFileReference; lastKnownFileType = sourcecode.swift; path = MapViewTableViewCell.swift; sourceTree = "<group>"; };
		B6F76D832B7BE1EE00909C80 /* MapViewTableViewCell.xib */ = {isa = PBXFileReference; lastKnownFileType = file.xib; path = MapViewTableViewCell.xib; sourceTree = "<group>"; };
		B6F76D862B7BE69700909C80 /* AddAlbumButtonTableViewCell.swift */ = {isa = PBXFileReference; lastKnownFileType = sourcecode.swift; path = AddAlbumButtonTableViewCell.swift; sourceTree = "<group>"; };
		B6F76D872B7BE69700909C80 /* AddAlbumButtonTableViewCell.xib */ = {isa = PBXFileReference; lastKnownFileType = file.xib; path = AddAlbumButtonTableViewCell.xib; sourceTree = "<group>"; };
/* End PBXFileReference section */

/* Begin PBXFrameworksBuildPhase section */
		B6A1685B2B7B3A4F001457B0 /* Frameworks */ = {
			isa = PBXFrameworksBuildPhase;
			buildActionMask = 2147483647;
			files = (
			);
			runOnlyForDeploymentPostprocessing = 0;
		};
		B6A168682B7B3A63001457B0 /* Frameworks */ = {
			isa = PBXFrameworksBuildPhase;
			buildActionMask = 2147483647;
			files = (
			);
			runOnlyForDeploymentPostprocessing = 0;
		};
		B6BA6D302B73B9CF00E01723 /* Frameworks */ = {
			isa = PBXFrameworksBuildPhase;
			buildActionMask = 2147483647;
			files = (
				B68A3A412BAABF6B00AC6A11 /* KeychainSwift in Frameworks */,
				B685B80E2BA1F84200D1AB6D /* Storage in Frameworks */,
				B68A3A552BAAD4CC00AC6A11 /* Kingfisher in Frameworks */,
				B685B8082BA1F84200D1AB6D /* Functions in Frameworks */,
				B685B8102BA1F84200D1AB6D /* Supabase in Frameworks */,
				B685B80C2BA1F84200D1AB6D /* Realtime in Frameworks */,
				B63B27A22BAEBF7C00658F38 /* SnapKit in Frameworks */,
				B685B8062BA1F84200D1AB6D /* Auth in Frameworks */,
				B685B80A2BA1F84200D1AB6D /* PostgREST in Frameworks */,
			);
			runOnlyForDeploymentPostprocessing = 0;
		};
/* End PBXFrameworksBuildPhase section */

/* Begin PBXGroup section */
		B61228072BA2A29800CF8ECC /* Authentication */ = {
			isa = PBXGroup;
			children = (
				B61228082BA2A29F00CF8ECC /* Interactor */,
			);
			path = Authentication;
			sourceTree = "<group>";
		};
		B61228082BA2A29F00CF8ECC /* Interactor */ = {
			isa = PBXGroup;
			children = (
				B61228092BA2A2BE00CF8ECC /* AuthenticationInteractorTests.swift */,
			);
			path = Interactor;
			sourceTree = "<group>";
		};
		B628BC782BB8894B0055FB31 /* Components */ = {
			isa = PBXGroup;
			children = (
				B628BC792BB889630055FB31 /* AlbumAnnotationView.swift */,
			);
			path = Components;
			sourceTree = "<group>";
		};
		B628BC7B2BB88C450055FB31 /* Annotation */ = {
			isa = PBXGroup;
			children = (
				B628BC7C2BB88C5B0055FB31 /* AlbumAnnotation.swift */,
			);
			path = Annotation;
			sourceTree = "<group>";
		};
		B628BC7F2BB897B00055FB31 /* Settings */ = {
			isa = PBXGroup;
			children = (
				B628BC8F2BB898800055FB31 /* Protocol */,
				B628BC842BB898270055FB31 /* Router */,
				B628BC832BB898240055FB31 /* Manager */,
				B628BC822BB8981D0055FB31 /* Presenter */,
				B628BC812BB8981A0055FB31 /* Interactor */,
				B628BC802BB898150055FB31 /* View */,
			);
			path = Settings;
			sourceTree = "<group>";
		};
		B628BC802BB898150055FB31 /* View */ = {
			isa = PBXGroup;
			children = (
				B628BC8D2BB8987C0055FB31 /* SettingViewController.swift */,
			);
			path = View;
			sourceTree = "<group>";
		};
		B628BC812BB8981A0055FB31 /* Interactor */ = {
			isa = PBXGroup;
			children = (
				B628BC8B2BB898670055FB31 /* SettingInteractor.swift */,
			);
			path = Interactor;
			sourceTree = "<group>";
		};
		B628BC822BB8981D0055FB31 /* Presenter */ = {
			isa = PBXGroup;
			children = (
				B628BC892BB8985D0055FB31 /* SettingPresenter.swift */,
			);
			path = Presenter;
			sourceTree = "<group>";
		};
		B628BC832BB898240055FB31 /* Manager */ = {
			isa = PBXGroup;
			children = (
				B628BC872BB898560055FB31 /* SettingManager.swift */,
			);
			path = Manager;
			sourceTree = "<group>";
		};
		B628BC842BB898270055FB31 /* Router */ = {
			isa = PBXGroup;
			children = (
				B628BC852BB898510055FB31 /* SettingRouter.swift */,
			);
			path = Router;
			sourceTree = "<group>";
		};
		B628BC8F2BB898800055FB31 /* Protocol */ = {
			isa = PBXGroup;
			children = (
				B628BC902BB898890055FB31 /* SettingProtocol.swift */,
			);
			path = Protocol;
			sourceTree = "<group>";
		};
		B62D4D9A2BB4A2EE0093FA40 /* PanZoomImageView */ = {
			isa = PBXGroup;
			children = (
				B62D4D9C2BB4A3160093FA40 /* PanImageZoomView.swift */,
			);
			path = PanZoomImageView;
			sourceTree = "<group>";
		};
		B62D4D9B2BB4A2F70093FA40 /* PhotoCellItem */ = {
			isa = PBXGroup;
			children = (
				B66AA6D92BAF6CD80070B75F /* PhotoCell.swift */,
			);
			path = PhotoCellItem;
			sourceTree = "<group>";
		};
		B62D4D9E2BB4AD7B0093FA40 /* View */ = {
			isa = PBXGroup;
			children = (
				B63B278F2BAEA88400658F38 /* CollectionDetailViewController.swift */,
				B62D4D982BB49CF70093FA40 /* FullImageViewController.swift */,
			);
			path = View;
			sourceTree = "<group>";
		};
		B62D4D9F2BB4B6180093FA40 /* URLComponents */ = {
			isa = PBXGroup;
			children = (
				B62D4DA02BB4B62F0093FA40 /* URLComponentExtractor.swift */,
			);
			path = URLComponents;
			sourceTree = "<group>";
		};
		B63B27742BACA2BB00658F38 /* Entity */ = {
			isa = PBXGroup;
			children = (
				B66AA6D52BAF387A0070B75F /* InsertAlbumDTO.swift */,
			);
			path = Entity;
			sourceTree = "<group>";
		};
		B63B27752BACA2D300658F38 /* Entity */ = {
			isa = PBXGroup;
			children = (
				B63B27762BACA2D800658F38 /* Remote */,
			);
			path = Entity;
			sourceTree = "<group>";
		};
		B63B27762BACA2D800658F38 /* Remote */ = {
			isa = PBXGroup;
			children = (
				B68A3A462BAACD8400AC6A11 /* AlbumDTO.swift */,
				B68A3A4A2BAACF3700AC6A11 /* PhotoDTO.swift */,
			);
			path = Remote;
			sourceTree = "<group>";
		};
		B63B277D2BAEA7A100658F38 /* CollectionDetail */ = {
			isa = PBXGroup;
			children = (
				B63B277E2BAEA7B400658F38 /* Domain */,
				B63B27832BAEA83F00658F38 /* Interactor */,
				B63B27802BAEA83300658F38 /* Manager */,
				B63B27822BAEA83C00658F38 /* Presenter */,
				B63B277F2BAEA82C00658F38 /* Router */,
				B63B27842BAEA84400658F38 /* View */,
			);
			path = CollectionDetail;
			sourceTree = "<group>";
		};
		B63B277E2BAEA7B400658F38 /* Domain */ = {
			isa = PBXGroup;
			children = (
				B63B27852BAEA85700658F38 /* CollectionDetailProtocol.swift */,
			);
			path = Domain;
			sourceTree = "<group>";
		};
		B63B277F2BAEA82C00658F38 /* Router */ = {
			isa = PBXGroup;
			children = (
				B63B27872BAEA86100658F38 /* CollectionDetailRouter.swift */,
			);
			path = Router;
			sourceTree = "<group>";
		};
		B63B27802BAEA83300658F38 /* Manager */ = {
			isa = PBXGroup;
			children = (
				B66AA6D42BAF30610070B75F /* Entity */,
				B63B27892BAEA86800658F38 /* CollectionDetailManager.swift */,
			);
			path = Manager;
			sourceTree = "<group>";
		};
		B63B27822BAEA83C00658F38 /* Presenter */ = {
			isa = PBXGroup;
			children = (
				B63B278B2BAEA86F00658F38 /* CollectionDetailPresenter.swift */,
			);
			path = Presenter;
			sourceTree = "<group>";
		};
		B63B27832BAEA83F00658F38 /* Interactor */ = {
			isa = PBXGroup;
			children = (
				B63B278D2BAEA87900658F38 /* CollectionDetailInteractor.swift */,
			);
			path = Interactor;
			sourceTree = "<group>";
		};
		B63B27842BAEA84400658F38 /* View */ = {
			isa = PBXGroup;
			children = (
				B62D4D9E2BB4AD7B0093FA40 /* View */,
				B66AA6CF2BAF188A0070B75F /* Components */,
			);
			path = View;
			sourceTree = "<group>";
		};
		B66AA6CF2BAF188A0070B75F /* Components */ = {
			isa = PBXGroup;
			children = (
				B62D4D9B2BB4A2F70093FA40 /* PhotoCellItem */,
				B62D4D9A2BB4A2EE0093FA40 /* PanZoomImageView */,
			);
			path = Components;
			sourceTree = "<group>";
		};
		B66AA6D42BAF30610070B75F /* Entity */ = {
			isa = PBXGroup;
			children = (
				B66AA6D22BAF305C0070B75F /* UpdateAlbumDTO.swift */,
			);
			path = Entity;
			sourceTree = "<group>";
		};
		B66AA6D72BAF3B940070B75F /* ci_scripts */ = {
			isa = PBXGroup;
			children = (
				B66AA6D82BAF3BAF0070B75F /* ci_pre_xcodebuild.sh */,
			);
			path = ci_scripts;
			sourceTree = "<group>";
		};
		B66AA6DB2BAF76F70070B75F /* Camera */ = {
			isa = PBXGroup;
			children = (
				B66AA6DC2BAF77470070B75F /* Domain */,
				B66AA6E02BAF775F0070B75F /* Interactor */,
				B66AA6DF2BAF775B0070B75F /* Manager */,
				B66AA6DE2BAF77540070B75F /* Presenter */,
				B66AA6DD2BAF774F0070B75F /* Router */,
				B66AA6E12BAF776A0070B75F /* View */,
			);
			path = Camera;
			sourceTree = "<group>";
		};
		B66AA6DC2BAF77470070B75F /* Domain */ = {
			isa = PBXGroup;
			children = (
				B663A59C2BB0BD5E0087A0BE /* CameraProtocol.swift */,
			);
			path = Domain;
			sourceTree = "<group>";
		};
		B66AA6DD2BAF774F0070B75F /* Router */ = {
			isa = PBXGroup;
			children = (
				B663A5A42BB0BE040087A0BE /* CameraRouter.swift */,
			);
			path = Router;
			sourceTree = "<group>";
		};
		B66AA6DE2BAF77540070B75F /* Presenter */ = {
			isa = PBXGroup;
			children = (
				B663A5A22BB0BDFD0087A0BE /* CameraPresenter.swift */,
			);
			path = Presenter;
			sourceTree = "<group>";
		};
		B66AA6DF2BAF775B0070B75F /* Manager */ = {
			isa = PBXGroup;
			children = (
				B6D1DFF72BB41D1E00AD415B /* Entity */,
				B663A5A02BB0BDF50087A0BE /* CameraManager.swift */,
			);
			path = Manager;
			sourceTree = "<group>";
		};
		B66AA6E02BAF775F0070B75F /* Interactor */ = {
			isa = PBXGroup;
			children = (
				B663A59E2BB0BDEE0087A0BE /* CameraInteractor.swift */,
			);
			path = Interactor;
			sourceTree = "<group>";
		};
		B66AA6E12BAF776A0070B75F /* View */ = {
			isa = PBXGroup;
			children = (
				B66AA6E22BAF77840070B75F /* CameraViewController.swift */,
			);
			path = View;
			sourceTree = "<group>";
		};
		B685B7AB2BA0B78400D1AB6D /* Modules */ = {
			isa = PBXGroup;
			children = (
				B685B7DB2BA1ADA200D1AB6D /* Authentication */,
				B685B7B82BA0B82B00D1AB6D /* HomeTabBar */,
				B685B7AC2BA0B79F00D1AB6D /* Collection */,
				B63B277D2BAEA7A100658F38 /* CollectionDetail */,
				B685B7BE2BA0B87700D1AB6D /* AddCollection */,
				B685B7AD2BA0B7B700D1AB6D /* Map */,
				B66AA6DB2BAF76F70070B75F /* Camera */,
				B628BC7F2BB897B00055FB31 /* Settings */,
			);
			path = Modules;
			sourceTree = "<group>";
		};
		B685B7AC2BA0B79F00D1AB6D /* Collection */ = {
			isa = PBXGroup;
			children = (
				B6CE19B12BA21B7F0086A2B1 /* Domain */,
				B685B7AF2BA0B7CA00D1AB6D /* Interactor */,
				B685B7B12BA0B7D200D1AB6D /* Manager */,
				B685B7B02BA0B7CE00D1AB6D /* Presenter */,
				B685B7B22BA0B7D700D1AB6D /* Router */,
				B685B7AE2BA0B7C500D1AB6D /* View */,
			);
			path = Collection;
			sourceTree = "<group>";
		};
		B685B7AD2BA0B7B700D1AB6D /* Map */ = {
			isa = PBXGroup;
			children = (
				B685B7D22BA0C67700D1AB6D /* Domain */,
				B685B7B42BA0B7ED00D1AB6D /* Interactor */,
				B685B7B62BA0B7FD00D1AB6D /* Manager */,
				B685B7B52BA0B7F500D1AB6D /* Presenter */,
				B685B7B72BA0B80100D1AB6D /* Router */,
				B685B7B32BA0B7EA00D1AB6D /* View */,
			);
			path = Map;
			sourceTree = "<group>";
		};
		B685B7AE2BA0B7C500D1AB6D /* View */ = {
			isa = PBXGroup;
			children = (
				B68A3A4E2BAAD0AB00AC6A11 /* Components */,
				B6BA6D3A2B73B9CF00E01723 /* CollectionViewController.swift */,
			);
			path = View;
			sourceTree = "<group>";
		};
		B685B7AF2BA0B7CA00D1AB6D /* Interactor */ = {
			isa = PBXGroup;
			children = (
				B6CE19B82BA21D0D0086A2B1 /* CollectionInteractor.swift */,
			);
			path = Interactor;
			sourceTree = "<group>";
		};
		B685B7B02BA0B7CE00D1AB6D /* Presenter */ = {
			isa = PBXGroup;
			children = (
				B6CE19B62BA21D050086A2B1 /* CollectionPresenter.swift */,
			);
			path = Presenter;
			sourceTree = "<group>";
		};
		B685B7B12BA0B7D200D1AB6D /* Manager */ = {
			isa = PBXGroup;
			children = (
				B68A3A452BAACD7900AC6A11 /* Entity */,
				B6CE19B42BA21CFD0086A2B1 /* CollectionManager.swift */,
			);
			path = Manager;
			sourceTree = "<group>";
		};
		B685B7B22BA0B7D700D1AB6D /* Router */ = {
			isa = PBXGroup;
			children = (
				B685B7D52BA0CDAE00D1AB6D /* CollectionRouter.swift */,
			);
			path = Router;
			sourceTree = "<group>";
		};
		B685B7B32BA0B7EA00D1AB6D /* View */ = {
			isa = PBXGroup;
			children = (
				B628BC782BB8894B0055FB31 /* Components */,
				B6BA6D4A2B73C02600E01723 /* MapViewController.swift */,
			);
			path = View;
			sourceTree = "<group>";
		};
		B685B7B42BA0B7ED00D1AB6D /* Interactor */ = {
			isa = PBXGroup;
			children = (
				B63B276C2BAC991E00658F38 /* MapInteractor.swift */,
			);
			path = Interactor;
			sourceTree = "<group>";
		};
		B685B7B52BA0B7F500D1AB6D /* Presenter */ = {
			isa = PBXGroup;
			children = (
				B63B276E2BAC999100658F38 /* MapPresenter.swift */,
			);
			path = Presenter;
			sourceTree = "<group>";
		};
		B685B7B62BA0B7FD00D1AB6D /* Manager */ = {
			isa = PBXGroup;
			children = (
				B63B27702BAC99BA00658F38 /* MapManager.swift */,
			);
			path = Manager;
			sourceTree = "<group>";
		};
		B685B7B72BA0B80100D1AB6D /* Router */ = {
			isa = PBXGroup;
			children = (
				B685B7D72BA0CE4600D1AB6D /* MapRouter.swift */,
			);
			path = Router;
			sourceTree = "<group>";
		};
		B685B7B82BA0B82B00D1AB6D /* HomeTabBar */ = {
			isa = PBXGroup;
			children = (
				B685B7CD2BA0C19C00D1AB6D /* Domain */,
				B685B7BD2BA0B84B00D1AB6D /* Router */,
				B685B7BC2BA0B84500D1AB6D /* Manager */,
				B685B7BB2BA0B83E00D1AB6D /* Presenter */,
				B685B7BA2BA0B83700D1AB6D /* Interactor */,
				B685B7B92BA0B83100D1AB6D /* View */,
			);
			path = HomeTabBar;
			sourceTree = "<group>";
		};
		B685B7B92BA0B83100D1AB6D /* View */ = {
			isa = PBXGroup;
			children = (
				B6BA6D4C2B73C06E00E01723 /* HomeTabBarController.swift */,
			);
			path = View;
			sourceTree = "<group>";
		};
		B685B7BA2BA0B83700D1AB6D /* Interactor */ = {
			isa = PBXGroup;
			children = (
			);
			path = Interactor;
			sourceTree = "<group>";
		};
		B685B7BB2BA0B83E00D1AB6D /* Presenter */ = {
			isa = PBXGroup;
			children = (
			);
			path = Presenter;
			sourceTree = "<group>";
		};
		B685B7BC2BA0B84500D1AB6D /* Manager */ = {
			isa = PBXGroup;
			children = (
			);
			path = Manager;
			sourceTree = "<group>";
		};
		B685B7BD2BA0B84B00D1AB6D /* Router */ = {
			isa = PBXGroup;
			children = (
				B685B7CA2BA0C12800D1AB6D /* HomeRouter.swift */,
			);
			path = Router;
			sourceTree = "<group>";
		};
		B685B7BE2BA0B87700D1AB6D /* AddCollection */ = {
			isa = PBXGroup;
			children = (
				B6A162E32BA9D67400C3C96A /* Domain */,
				B685B7C02BA0B88400D1AB6D /* Interactor */,
				B685B7C22BA0B88C00D1AB6D /* Manager */,
				B685B7C12BA0B88800D1AB6D /* Presenter */,
				B685B7C32BA0B89100D1AB6D /* Router */,
				B685B7BF2BA0B88000D1AB6D /* View */,
			);
			path = AddCollection;
			sourceTree = "<group>";
		};
		B685B7BF2BA0B88000D1AB6D /* View */ = {
			isa = PBXGroup;
			children = (
				B6A167672B79732A001457B0 /* AddAlbumViewController.swift */,
				B685B7C42BA0B8CF00D1AB6D /* Components */,
			);
			path = View;
			sourceTree = "<group>";
		};
		B685B7C02BA0B88400D1AB6D /* Interactor */ = {
			isa = PBXGroup;
			children = (
				B6A162EC2BA9D71C00C3C96A /* AddCollectionInteractor.swift */,
			);
			path = Interactor;
			sourceTree = "<group>";
		};
		B685B7C12BA0B88800D1AB6D /* Presenter */ = {
			isa = PBXGroup;
			children = (
				B6A162EA2BA9D71400C3C96A /* AddCollectionPresenter.swift */,
			);
			path = Presenter;
			sourceTree = "<group>";
		};
		B685B7C22BA0B88C00D1AB6D /* Manager */ = {
			isa = PBXGroup;
			children = (
				B63B27742BACA2BB00658F38 /* Entity */,
				B6A162E82BA9D70800C3C96A /* AddCollectionManager.swift */,
			);
			path = Manager;
			sourceTree = "<group>";
		};
		B685B7C32BA0B89100D1AB6D /* Router */ = {
			isa = PBXGroup;
			children = (
				B6A162E42BA9D68000C3C96A /* AddCollectionRouter.swift */,
			);
			path = Router;
			sourceTree = "<group>";
		};
		B685B7C42BA0B8CF00D1AB6D /* Components */ = {
			isa = PBXGroup;
			children = (
				B68A3A3E2BAABBC100AC6A11 /* AddButtonCell */,
				B68A3A3D2BAABBA800AC6A11 /* AddTextFieldCell */,
				B68A3A3C2BAABB9A00AC6A11 /* MapCell */,
				B6F76D7B2B7BD22C00909C80 /* AddAlbumTableViewController.swift */,
			);
			path = Components;
			sourceTree = "<group>";
		};
		B685B7CC2BA0C17C00D1AB6D /* Navigation */ = {
			isa = PBXGroup;
			children = (
				B685B7D02BA0C20700D1AB6D /* NavigationFactory.swift */,
				B63B277B2BACB63D00658F38 /* EnumView.swift */,
			);
			path = Navigation;
			sourceTree = "<group>";
		};
		B685B7CD2BA0C19C00D1AB6D /* Domain */ = {
			isa = PBXGroup;
			children = (
				B685B7D92BA0CF6400D1AB6D /* HomeProtocol.swift */,
			);
			path = Domain;
			sourceTree = "<group>";
		};
		B685B7D22BA0C67700D1AB6D /* Domain */ = {
			isa = PBXGroup;
			children = (
				B685B7D32BA0C68300D1AB6D /* MapProtocol.swift */,
			);
			path = Domain;
			sourceTree = "<group>";
		};
		B685B7DB2BA1ADA200D1AB6D /* Authentication */ = {
			isa = PBXGroup;
			children = (
				B685B7E82BA1B6CE00D1AB6D /* Domain */,
				B685B7DF2BA1B06F00D1AB6D /* Router */,
				B6CE19AE2BA20AB00086A2B1 /* Presenter */,
				B685B7DE2BA1B06B00D1AB6D /* Manager */,
				B685B7DD2BA1B06700D1AB6D /* Interactor */,
				B685B7DC2BA1B06400D1AB6D /* View */,
			);
			path = Authentication;
			sourceTree = "<group>";
		};
		B685B7DC2BA1B06400D1AB6D /* View */ = {
			isa = PBXGroup;
			children = (
				B685B7E02BA1B69C00D1AB6D /* AuthenticationViewController.swift */,
			);
			path = View;
			sourceTree = "<group>";
		};
		B685B7DD2BA1B06700D1AB6D /* Interactor */ = {
			isa = PBXGroup;
			children = (
				B685B7E22BA1B6AD00D1AB6D /* AuthenticationInteractor.swift */,
			);
			path = Interactor;
			sourceTree = "<group>";
		};
		B685B7DE2BA1B06B00D1AB6D /* Manager */ = {
			isa = PBXGroup;
			children = (
				B685B7E42BA1B6B600D1AB6D /* AuthenticationManager.swift */,
			);
			path = Manager;
			sourceTree = "<group>";
		};
		B685B7DF2BA1B06F00D1AB6D /* Router */ = {
			isa = PBXGroup;
			children = (
				B685B7E62BA1B6BC00D1AB6D /* AuthenticationRouter.swift */,
			);
			path = Router;
			sourceTree = "<group>";
		};
		B685B7E82BA1B6CE00D1AB6D /* Domain */ = {
			isa = PBXGroup;
			children = (
				B685B7E92BA1B6DC00D1AB6D /* AuthenticationProtocol.swift */,
			);
			path = Domain;
			sourceTree = "<group>";
		};
		B685B7F82BA1F7A100D1AB6D /* Frameworks */ = {
			isa = PBXGroup;
			children = (
			);
			name = Frameworks;
			sourceTree = "<group>";
		};
		B68A3A3C2BAABB9A00AC6A11 /* MapCell */ = {
			isa = PBXGroup;
			children = (
				B6F76D822B7BE1EE00909C80 /* MapViewTableViewCell.swift */,
				B6F76D832B7BE1EE00909C80 /* MapViewTableViewCell.xib */,
			);
			path = MapCell;
			sourceTree = "<group>";
		};
		B68A3A3D2BAABBA800AC6A11 /* AddTextFieldCell */ = {
			isa = PBXGroup;
			children = (
				B6F76D7E2B7BDF2800909C80 /* AddAlbumTextFieldTableViewCell.swift */,
				B6F76D7F2B7BDF2800909C80 /* AddAlbumTextFieldTableViewCell.xib */,
			);
			path = AddTextFieldCell;
			sourceTree = "<group>";
		};
		B68A3A3E2BAABBC100AC6A11 /* AddButtonCell */ = {
			isa = PBXGroup;
			children = (
				B6F76D862B7BE69700909C80 /* AddAlbumButtonTableViewCell.swift */,
				B6F76D872B7BE69700909C80 /* AddAlbumButtonTableViewCell.xib */,
			);
			path = AddButtonCell;
			sourceTree = "<group>";
		};
		B68A3A452BAACD7900AC6A11 /* Entity */ = {
			isa = PBXGroup;
			children = (
				B68A3A482BAACDE700AC6A11 /* AlbumViewModel.swift */,
				B68A3A4C2BAACFE100AC6A11 /* PhotoViewModel.swift */,
			);
			path = Entity;
			sourceTree = "<group>";
		};
		B68A3A4E2BAAD0AB00AC6A11 /* Components */ = {
			isa = PBXGroup;
			children = (
				B68A3A4F2BAAD0C600AC6A11 /* CollectionViewCell.swift */,
				B68A3A502BAAD0C600AC6A11 /* CollectionViewCell.xib */,
			);
			path = Components;
			sourceTree = "<group>";
		};
		B694BE492B73CF940084F9FE /* Application */ = {
			isa = PBXGroup;
			children = (
				B6BA6D412B73B9D100E01723 /* LaunchScreen.storyboard */,
				B6BA6D362B73B9CF00E01723 /* AppDelegate.swift */,
				B6A167E22B79A7A1001457B0 /* SceneDelegate.swift */,
			);
			path = Application;
			sourceTree = "<group>";
		};
		B694BE4B2B73CFE40084F9FE /* Core */ = {
			isa = PBXGroup;
			children = (
				B63B27752BACA2D300658F38 /* Entity */,
				B6CE19C62BA235D70086A2B1 /* Themes */,
				B6E4D8C52B75915A000324B8 /* Utilities */,
				B694BE502B73D1760084F9FE /* Constants */,
				B694BE4C2B73D13A0084F9FE /* Extensions */,
				B694BE562B73D2D30084F9FE /* Resources */,
			);
			path = Core;
			sourceTree = "<group>";
		};
		B694BE4C2B73D13A0084F9FE /* Extensions */ = {
			isa = PBXGroup;
			children = (
				B694BE4D2B73D13A0084F9FE /* UIImage+Resize.swift */,
				B6B29D4B2B751C120079BB95 /* UIImage+Color.swift */,
				B68A3A3A2BAABA7400AC6A11 /* UIView+RoundedCorner.swift */,
			);
			path = Extensions;
			sourceTree = "<group>";
		};
		B694BE502B73D1760084F9FE /* Constants */ = {
			isa = PBXGroup;
			children = (
				B694BE512B73D1800084F9FE /* ResourcePath.swift */,
				B694BE532B73D1F40084F9FE /* AppLabel.swift */,
				B6CE19C12BA22F3D0086A2B1 /* UserDefaultsKeyConstant.swift */,
				B68A3A422BAAC43400AC6A11 /* KeychainKeyConstant.swift */,
				B6D1DFF52BB4168500AD415B /* StorageNameConstant.swift */,
			);
			path = Constants;
			sourceTree = "<group>";
		};
		B694BE562B73D2D30084F9FE /* Resources */ = {
			isa = PBXGroup;
			children = (
				B694BE572B73D3070084F9FE /* Assets.xcassets */,
			);
			path = Resources;
			sourceTree = "<group>";
		};
		B6A162E32BA9D67400C3C96A /* Domain */ = {
			isa = PBXGroup;
			children = (
				B6A162E62BA9D69500C3C96A /* AddCollectionProtocol.swift */,
			);
			path = Domain;
			sourceTree = "<group>";
		};
		B6A1685F2B7B3A4F001457B0 /* GeoBoothUIKitTests */ = {
			isa = PBXGroup;
			children = (
				B61228072BA2A29800CF8ECC /* Authentication */,
				B6A168602B7B3A4F001457B0 /* GeoBoothUIKitTests.swift */,
			);
			path = GeoBoothUIKitTests;
			sourceTree = "<group>";
		};
		B6A1686C2B7B3A64001457B0 /* GeoBoothUIKitUITests */ = {
			isa = PBXGroup;
			children = (
				B6A1686D2B7B3A64001457B0 /* GeoBoothUIKitUITests.swift */,
				B6A1686F2B7B3A64001457B0 /* GeoBoothUIKitUITestsLaunchTests.swift */,
			);
			path = GeoBoothUIKitUITests;
			sourceTree = "<group>";
		};
		B6BA6D2A2B73B9CF00E01723 = {
			isa = PBXGroup;
			children = (
				B6A168762B7B3D0A001457B0 /* GeoBoothUIKitTestPlan.xctestplan */,
				B66AA6D72BAF3B940070B75F /* ci_scripts */,
				B6BA6D352B73B9CF00E01723 /* GeoBoothUIKit */,
				B6A1685F2B7B3A4F001457B0 /* GeoBoothUIKitTests */,
				B6A1686C2B7B3A64001457B0 /* GeoBoothUIKitUITests */,
				B6BA6D342B73B9CF00E01723 /* Products */,
				B685B7F82BA1F7A100D1AB6D /* Frameworks */,
			);
			sourceTree = "<group>";
		};
		B6BA6D342B73B9CF00E01723 /* Products */ = {
			isa = PBXGroup;
			children = (
				B6BA6D332B73B9CF00E01723 /* GeoBoothUIKit.app */,
				B6A1685E2B7B3A4F001457B0 /* GeoBoothUIKitTests.xctest */,
				B6A1686B2B7B3A63001457B0 /* GeoBoothUIKitUITests.xctest */,
			);
			name = Products;
			sourceTree = "<group>";
		};
		B6BA6D352B73B9CF00E01723 /* GeoBoothUIKit */ = {
			isa = PBXGroup;
			children = (
				B694BE492B73CF940084F9FE /* Application */,
				B694BE4B2B73CFE40084F9FE /* Core */,
				B685B7AB2BA0B78400D1AB6D /* Modules */,
				B694BE462B73CD490084F9FE /* .swiftlint.yml */,
				B6BA6D442B73B9D100E01723 /* Info.plist */,
			);
			path = GeoBoothUIKit;
			sourceTree = "<group>";
		};
		B6CE19AE2BA20AB00086A2B1 /* Presenter */ = {
			isa = PBXGroup;
			children = (
				B6CE19AF2BA20ABE0086A2B1 /* AuthenticationPresenter.swift */,
			);
			path = Presenter;
			sourceTree = "<group>";
		};
		B6CE19B12BA21B7F0086A2B1 /* Domain */ = {
			isa = PBXGroup;
			children = (
				B6CE19B22BA21B8A0086A2B1 /* CollectionProtocol.swift */,
			);
			path = Domain;
			sourceTree = "<group>";
		};
		B6CE19BA2BA21F390086A2B1 /* Supabase */ = {
			isa = PBXGroup;
			children = (
				B6CE19BB2BA21F910086A2B1 /* Supabase-Secret.plist */,
				B6CE19BD2BA2213B0086A2B1 /* SupabaseConfig.swift */,
				B6CE19BF2BA221750086A2B1 /* SupabaseSingleton.swift */,
				B63B27722BACA27100658F38 /* DbFunction.swift */,
				B63B27792BACB17100658F38 /* TableName.swift */,
			);
			path = Supabase;
			sourceTree = "<group>";
		};
		B6CE19C32BA230A90086A2B1 /* UserDefaults */ = {
			isa = PBXGroup;
			children = (
				B6CE19C42BA230B70086A2B1 /* UserDefaultHelper.swift */,
			);
			path = UserDefaults;
			sourceTree = "<group>";
		};
		B6CE19C62BA235D70086A2B1 /* Themes */ = {
			isa = PBXGroup;
			children = (
				B6CE19C72BA235DF0086A2B1 /* Components */,
			);
			path = Themes;
			sourceTree = "<group>";
		};
		B6CE19C72BA235DF0086A2B1 /* Components */ = {
			isa = PBXGroup;
			children = (
				B6CE19C82BA235F40086A2B1 /* LoadingViewController.swift */,
			);
			path = Components;
			sourceTree = "<group>";
		};
		B6D1DFF72BB41D1E00AD415B /* Entity */ = {
			isa = PBXGroup;
			children = (
				B6D1DFF82BB41D2900AD415B /* InsertPhotoDTO.swift */,
			);
			path = Entity;
			sourceTree = "<group>";
		};
		B6E4D8C52B75915A000324B8 /* Utilities */ = {
			isa = PBXGroup;
			children = (
				B628BC7B2BB88C450055FB31 /* Annotation */,
				B62D4D9F2BB4B6180093FA40 /* URLComponents */,
				B6CE19C32BA230A90086A2B1 /* UserDefaults */,
				B6CE19BA2BA21F390086A2B1 /* Supabase */,
				B685B7CC2BA0C17C00D1AB6D /* Navigation */,
				B6E4D8C62B759163000324B8 /* Location */,
			);
			path = Utilities;
			sourceTree = "<group>";
		};
		B6E4D8C62B759163000324B8 /* Location */ = {
			isa = PBXGroup;
			children = (
				B6E4D8CB2B759E33000324B8 /* Protocol */,
				B6E4D8C72B75916F000324B8 /* LocationServices.swift */,
			);
			path = Location;
			sourceTree = "<group>";
		};
		B6E4D8CB2B759E33000324B8 /* Protocol */ = {
			isa = PBXGroup;
			children = (
				B6E4D8C92B759515000324B8 /* ChangeAuthDelegate.swift */,
			);
			path = Protocol;
			sourceTree = "<group>";
		};
/* End PBXGroup section */

/* Begin PBXNativeTarget section */
		B6A1685D2B7B3A4F001457B0 /* GeoBoothUIKitTests */ = {
			isa = PBXNativeTarget;
			buildConfigurationList = B6A168642B7B3A4F001457B0 /* Build configuration list for PBXNativeTarget "GeoBoothUIKitTests" */;
			buildPhases = (
				B6A1685A2B7B3A4F001457B0 /* Sources */,
				B6A1685B2B7B3A4F001457B0 /* Frameworks */,
				B6A1685C2B7B3A4F001457B0 /* Resources */,
			);
			buildRules = (
			);
			dependencies = (
				B6A168632B7B3A4F001457B0 /* PBXTargetDependency */,
			);
			name = GeoBoothUIKitTests;
			productName = GeoBoothUIKitTests;
			productReference = B6A1685E2B7B3A4F001457B0 /* GeoBoothUIKitTests.xctest */;
			productType = "com.apple.product-type.bundle.unit-test";
		};
		B6A1686A2B7B3A63001457B0 /* GeoBoothUIKitUITests */ = {
			isa = PBXNativeTarget;
			buildConfigurationList = B6A168732B7B3A64001457B0 /* Build configuration list for PBXNativeTarget "GeoBoothUIKitUITests" */;
			buildPhases = (
				B6A168672B7B3A63001457B0 /* Sources */,
				B6A168682B7B3A63001457B0 /* Frameworks */,
				B6A168692B7B3A63001457B0 /* Resources */,
			);
			buildRules = (
			);
			dependencies = (
				B6A168722B7B3A64001457B0 /* PBXTargetDependency */,
			);
			name = GeoBoothUIKitUITests;
			productName = GeoBoothUIKitUITests;
			productReference = B6A1686B2B7B3A63001457B0 /* GeoBoothUIKitUITests.xctest */;
			productType = "com.apple.product-type.bundle.ui-testing";
		};
		B6BA6D322B73B9CF00E01723 /* GeoBoothUIKit */ = {
			isa = PBXNativeTarget;
			buildConfigurationList = B6BA6D472B73B9D100E01723 /* Build configuration list for PBXNativeTarget "GeoBoothUIKit" */;
			buildPhases = (
				B6BA6D2F2B73B9CF00E01723 /* Sources */,
				B6BA6D302B73B9CF00E01723 /* Frameworks */,
				B6BA6D312B73B9CF00E01723 /* Resources */,
				B68A3A562BAC0FE100AC6A11 /* ShellScript */,
			);
			buildRules = (
			);
			dependencies = (
			);
			name = GeoBoothUIKit;
			packageProductDependencies = (
				B685B8052BA1F84200D1AB6D /* Auth */,
				B685B8072BA1F84200D1AB6D /* Functions */,
				B685B8092BA1F84200D1AB6D /* PostgREST */,
				B685B80B2BA1F84200D1AB6D /* Realtime */,
				B685B80D2BA1F84200D1AB6D /* Storage */,
				B685B80F2BA1F84200D1AB6D /* Supabase */,
				B68A3A402BAABF6B00AC6A11 /* KeychainSwift */,
				B68A3A542BAAD4CC00AC6A11 /* Kingfisher */,
				B63B27A12BAEBF7C00658F38 /* SnapKit */,
			);
			productName = GeoBoothUIKit;
			productReference = B6BA6D332B73B9CF00E01723 /* GeoBoothUIKit.app */;
			productType = "com.apple.product-type.application";
		};
/* End PBXNativeTarget section */

/* Begin PBXProject section */
		B6BA6D2B2B73B9CF00E01723 /* Project object */ = {
			isa = PBXProject;
			attributes = {
				BuildIndependentTargetsInParallel = 1;
				LastSwiftUpdateCheck = 1520;
				LastUpgradeCheck = 1520;
				TargetAttributes = {
					B6A1685D2B7B3A4F001457B0 = {
						CreatedOnToolsVersion = 15.2;
						TestTargetID = B6BA6D322B73B9CF00E01723;
					};
					B6A1686A2B7B3A63001457B0 = {
						CreatedOnToolsVersion = 15.2;
						TestTargetID = B6BA6D322B73B9CF00E01723;
					};
					B6BA6D322B73B9CF00E01723 = {
						CreatedOnToolsVersion = 15.2;
					};
				};
			};
			buildConfigurationList = B6BA6D2E2B73B9CF00E01723 /* Build configuration list for PBXProject "GeoBoothUIKit" */;
			compatibilityVersion = "Xcode 14.0";
			developmentRegion = en;
			hasScannedForEncodings = 0;
			knownRegions = (
				en,
				Base,
			);
			mainGroup = B6BA6D2A2B73B9CF00E01723;
			packageReferences = (
				B685B8042BA1F84200D1AB6D /* XCRemoteSwiftPackageReference "supabase-swift" */,
				B68A3A3F2BAABF6B00AC6A11 /* XCRemoteSwiftPackageReference "keychain-swift" */,
				B68A3A532BAAD4CC00AC6A11 /* XCRemoteSwiftPackageReference "Kingfisher" */,
				B63B27A02BAEBF7C00658F38 /* XCRemoteSwiftPackageReference "SnapKit" */,
			);
			productRefGroup = B6BA6D342B73B9CF00E01723 /* Products */;
			projectDirPath = "";
			projectRoot = "";
			targets = (
				B6BA6D322B73B9CF00E01723 /* GeoBoothUIKit */,
				B6A1685D2B7B3A4F001457B0 /* GeoBoothUIKitTests */,
				B6A1686A2B7B3A63001457B0 /* GeoBoothUIKitUITests */,
			);
		};
/* End PBXProject section */

/* Begin PBXResourcesBuildPhase section */
		B6A1685C2B7B3A4F001457B0 /* Resources */ = {
			isa = PBXResourcesBuildPhase;
			buildActionMask = 2147483647;
			files = (
				B6A168782B7B3D0A001457B0 /* GeoBoothUIKitTestPlan.xctestplan in Resources */,
			);
			runOnlyForDeploymentPostprocessing = 0;
		};
		B6A168692B7B3A63001457B0 /* Resources */ = {
			isa = PBXResourcesBuildPhase;
			buildActionMask = 2147483647;
			files = (
				B6A168792B7B3D0A001457B0 /* GeoBoothUIKitTestPlan.xctestplan in Resources */,
			);
			runOnlyForDeploymentPostprocessing = 0;
		};
		B6BA6D312B73B9CF00E01723 /* Resources */ = {
			isa = PBXResourcesBuildPhase;
			buildActionMask = 2147483647;
			files = (
				B694BE472B73CD490084F9FE /* .swiftlint.yml in Resources */,
				B6F76D892B7BE69700909C80 /* AddAlbumButtonTableViewCell.xib in Resources */,
				B6A168772B7B3D0A001457B0 /* GeoBoothUIKitTestPlan.xctestplan in Resources */,
				B6BA6D432B73B9D100E01723 /* LaunchScreen.storyboard in Resources */,
				B6F76D812B7BDF2800909C80 /* AddAlbumTextFieldTableViewCell.xib in Resources */,
				B694BE582B73D3070084F9FE /* Assets.xcassets in Resources */,
				B6CE19BC2BA21F910086A2B1 /* Supabase-Secret.plist in Resources */,
				B6F76D852B7BE1EE00909C80 /* MapViewTableViewCell.xib in Resources */,
				B68A3A512BAAD0C600AC6A11 /* CollectionViewCell.xib in Resources */,
			);
			runOnlyForDeploymentPostprocessing = 0;
		};
/* End PBXResourcesBuildPhase section */

/* Begin PBXShellScriptBuildPhase section */
		B68A3A562BAC0FE100AC6A11 /* ShellScript */ = {
			isa = PBXShellScriptBuildPhase;
			alwaysOutOfDate = 1;
			buildActionMask = 2147483647;
			files = (
			);
			inputFileListPaths = (
			);
			inputPaths = (
			);
			outputFileListPaths = (
			);
			outputPaths = (
			);
			runOnlyForDeploymentPostprocessing = 0;
			shellPath = /bin/sh;
			shellScript = "# Type a script or drag a script file from your workspace to insert its path.\nif [[ \"$(uname -m)\" == arm64 ]]; then\n    export PATH=\"/opt/homebrew/bin:$PATH\"\nfi\n\nif which swiftlint > /dev/null; then\n  swiftlint\nelse\n  echo \"warning: SwiftLint not installed, download from https://github.com/realm/SwiftLint\"\nfi\n";
		};
/* End PBXShellScriptBuildPhase section */

/* Begin PBXSourcesBuildPhase section */
		B6A1685A2B7B3A4F001457B0 /* Sources */ = {
			isa = PBXSourcesBuildPhase;
			buildActionMask = 2147483647;
			files = (
				B612280A2BA2A2BE00CF8ECC /* AuthenticationInteractorTests.swift in Sources */,
				B6A168612B7B3A4F001457B0 /* GeoBoothUIKitTests.swift in Sources */,
			);
			runOnlyForDeploymentPostprocessing = 0;
		};
		B6A168672B7B3A63001457B0 /* Sources */ = {
			isa = PBXSourcesBuildPhase;
			buildActionMask = 2147483647;
			files = (
				B6A168702B7B3A64001457B0 /* GeoBoothUIKitUITestsLaunchTests.swift in Sources */,
				B6A1686E2B7B3A64001457B0 /* GeoBoothUIKitUITests.swift in Sources */,
			);
			runOnlyForDeploymentPostprocessing = 0;
		};
		B6BA6D2F2B73B9CF00E01723 /* Sources */ = {
			isa = PBXSourcesBuildPhase;
			buildActionMask = 2147483647;
			files = (
				B63B27882BAEA86100658F38 /* CollectionDetailRouter.swift in Sources */,
				B6E4D8CA2B759515000324B8 /* ChangeAuthDelegate.swift in Sources */,
				B6CE19B32BA21B8A0086A2B1 /* CollectionProtocol.swift in Sources */,
				B68A3A472BAACD8400AC6A11 /* AlbumDTO.swift in Sources */,
				B6CE19B02BA20ABF0086A2B1 /* AuthenticationPresenter.swift in Sources */,
				B68A3A492BAACDE700AC6A11 /* AlbumViewModel.swift in Sources */,
				B663A5A32BB0BDFD0087A0BE /* CameraPresenter.swift in Sources */,
				B6A162E52BA9D68000C3C96A /* AddCollectionRouter.swift in Sources */,
				B694BE522B73D1800084F9FE /* ResourcePath.swift in Sources */,
				B6D1DFF62BB4168500AD415B /* StorageNameConstant.swift in Sources */,
				B66AA6D32BAF305C0070B75F /* UpdateAlbumDTO.swift in Sources */,
				B63B27902BAEA88400658F38 /* CollectionDetailViewController.swift in Sources */,
				B6CE19B92BA21D0D0086A2B1 /* CollectionInteractor.swift in Sources */,
				B6A162ED2BA9D71C00C3C96A /* AddCollectionInteractor.swift in Sources */,
				B628BC7D2BB88C5B0055FB31 /* AlbumAnnotation.swift in Sources */,
				B6CE19C02BA221750086A2B1 /* SupabaseSingleton.swift in Sources */,
				B6E4D8C82B75916F000324B8 /* LocationServices.swift in Sources */,
				B685B7D82BA0CE4600D1AB6D /* MapRouter.swift in Sources */,
				B685B7E12BA1B69C00D1AB6D /* AuthenticationViewController.swift in Sources */,
				B663A59F2BB0BDEE0087A0BE /* CameraInteractor.swift in Sources */,
				B628BC7A2BB889630055FB31 /* AlbumAnnotationView.swift in Sources */,
				B63B276D2BAC991E00658F38 /* MapInteractor.swift in Sources */,
				B68A3A3B2BAABA7400AC6A11 /* UIView+RoundedCorner.swift in Sources */,
				B6D1DFF92BB41D2900AD415B /* InsertPhotoDTO.swift in Sources */,
				B6BA6D4B2B73C02600E01723 /* MapViewController.swift in Sources */,
				B62D4D9D2BB4A3160093FA40 /* PanImageZoomView.swift in Sources */,
				B628BC912BB898890055FB31 /* SettingProtocol.swift in Sources */,
				B6BA6D4D2B73C06E00E01723 /* HomeTabBarController.swift in Sources */,
				B6CE19C92BA235F40086A2B1 /* LoadingViewController.swift in Sources */,
				B663A5A52BB0BE040087A0BE /* CameraRouter.swift in Sources */,
				B68A3A522BAAD0C600AC6A11 /* CollectionViewCell.swift in Sources */,
				B63B277A2BACB17100658F38 /* TableName.swift in Sources */,
				B685B7E52BA1B6B600D1AB6D /* AuthenticationManager.swift in Sources */,
				B63B278C2BAEA86F00658F38 /* CollectionDetailPresenter.swift in Sources */,
				B628BC862BB898510055FB31 /* SettingRouter.swift in Sources */,
				B694BE542B73D1F40084F9FE /* AppLabel.swift in Sources */,
				B6A162E92BA9D70800C3C96A /* AddCollectionManager.swift in Sources */,
				B628BC8C2BB898670055FB31 /* SettingInteractor.swift in Sources */,
				B685B7D42BA0C68300D1AB6D /* MapProtocol.swift in Sources */,
				B63B276F2BAC999100658F38 /* MapPresenter.swift in Sources */,
				B63B27732BACA27100658F38 /* DbFunction.swift in Sources */,
				B6BA6D3B2B73B9CF00E01723 /* CollectionViewController.swift in Sources */,
				B685B7CB2BA0C12800D1AB6D /* HomeRouter.swift in Sources */,
				B62D4D992BB49CF70093FA40 /* FullImageViewController.swift in Sources */,
				B6B29D4C2B751C120079BB95 /* UIImage+Color.swift in Sources */,
				B63B278A2BAEA86800658F38 /* CollectionDetailManager.swift in Sources */,
				B6CE19C52BA230B70086A2B1 /* UserDefaultHelper.swift in Sources */,
				B685B7EA2BA1B6DC00D1AB6D /* AuthenticationProtocol.swift in Sources */,
				B685B7D12BA0C20700D1AB6D /* NavigationFactory.swift in Sources */,
				B685B7E72BA1B6BC00D1AB6D /* AuthenticationRouter.swift in Sources */,
				B6CE19BE2BA2213B0086A2B1 /* SupabaseConfig.swift in Sources */,
				B63B27862BAEA85700658F38 /* CollectionDetailProtocol.swift in Sources */,
				B6F76D842B7BE1EE00909C80 /* MapViewTableViewCell.swift in Sources */,
				B6A167692B79732A001457B0 /* AddAlbumViewController.swift in Sources */,
				B6BA6D372B73B9CF00E01723 /* AppDelegate.swift in Sources */,
				B685B7DA2BA0CF6400D1AB6D /* HomeProtocol.swift in Sources */,
				B63B278E2BAEA87900658F38 /* CollectionDetailInteractor.swift in Sources */,
				B628BC8A2BB8985D0055FB31 /* SettingPresenter.swift in Sources */,
				B63B277C2BACB63D00658F38 /* EnumView.swift in Sources */,
				B63B27712BAC99BA00658F38 /* MapManager.swift in Sources */,
				B694BE4E2B73D13A0084F9FE /* UIImage+Resize.swift in Sources */,
				B628BC882BB898560055FB31 /* SettingManager.swift in Sources */,
				B6A162E72BA9D69500C3C96A /* AddCollectionProtocol.swift in Sources */,
				B663A5A12BB0BDF50087A0BE /* CameraManager.swift in Sources */,
				B685B7D62BA0CDAE00D1AB6D /* CollectionRouter.swift in Sources */,
				B6A162EB2BA9D71400C3C96A /* AddCollectionPresenter.swift in Sources */,
				B62D4DA12BB4B62F0093FA40 /* URLComponentExtractor.swift in Sources */,
				B68A3A4D2BAACFE100AC6A11 /* PhotoViewModel.swift in Sources */,
				B66AA6DA2BAF6CD80070B75F /* PhotoCell.swift in Sources */,
				B68A3A432BAAC43400AC6A11 /* KeychainKeyConstant.swift in Sources */,
				B68A3A4B2BAACF3700AC6A11 /* PhotoDTO.swift in Sources */,
				B6CE19B72BA21D050086A2B1 /* CollectionPresenter.swift in Sources */,
				B66AA6E32BAF77840070B75F /* CameraViewController.swift in Sources */,
				B6F76D802B7BDF2800909C80 /* AddAlbumTextFieldTableViewCell.swift in Sources */,
				B663A59D2BB0BD5E0087A0BE /* CameraProtocol.swift in Sources */,
				B685B7E32BA1B6AD00D1AB6D /* AuthenticationInteractor.swift in Sources */,
				B6A167E32B79A7A1001457B0 /* SceneDelegate.swift in Sources */,
				B6CE19B52BA21CFD0086A2B1 /* CollectionManager.swift in Sources */,
				B66AA6D62BAF387A0070B75F /* InsertAlbumDTO.swift in Sources */,
				B6F76D7C2B7BD22C00909C80 /* AddAlbumTableViewController.swift in Sources */,
				B628BC8E2BB8987C0055FB31 /* SettingViewController.swift in Sources */,
				B6CE19C22BA22F3D0086A2B1 /* UserDefaultsKeyConstant.swift in Sources */,
				B6F76D882B7BE69700909C80 /* AddAlbumButtonTableViewCell.swift in Sources */,
			);
			runOnlyForDeploymentPostprocessing = 0;
		};
/* End PBXSourcesBuildPhase section */

/* Begin PBXTargetDependency section */
		B6A168632B7B3A4F001457B0 /* PBXTargetDependency */ = {
			isa = PBXTargetDependency;
			target = B6BA6D322B73B9CF00E01723 /* GeoBoothUIKit */;
			targetProxy = B6A168622B7B3A4F001457B0 /* PBXContainerItemProxy */;
		};
		B6A168722B7B3A64001457B0 /* PBXTargetDependency */ = {
			isa = PBXTargetDependency;
			target = B6BA6D322B73B9CF00E01723 /* GeoBoothUIKit */;
			targetProxy = B6A168712B7B3A64001457B0 /* PBXContainerItemProxy */;
		};
/* End PBXTargetDependency section */

/* Begin PBXVariantGroup section */
		B6BA6D412B73B9D100E01723 /* LaunchScreen.storyboard */ = {
			isa = PBXVariantGroup;
			children = (
				B6BA6D422B73B9D100E01723 /* Base */,
			);
			name = LaunchScreen.storyboard;
			sourceTree = "<group>";
		};
/* End PBXVariantGroup section */

/* Begin XCBuildConfiguration section */
		B6A168652B7B3A4F001457B0 /* Debug */ = {
			isa = XCBuildConfiguration;
			buildSettings = {
				BUNDLE_LOADER = "$(TEST_HOST)";
				CODE_SIGN_STYLE = Automatic;
				CURRENT_PROJECT_VERSION = 1;
				DEVELOPMENT_TEAM = U43A7X58YW;
				GENERATE_INFOPLIST_FILE = YES;
				IPHONEOS_DEPLOYMENT_TARGET = 13.0;
				MARKETING_VERSION = 1.0;
				PRODUCT_BUNDLE_IDENTIFIER = me.gregoriusyuristama.GeoBoothUIKitTests;
				PRODUCT_NAME = "$(TARGET_NAME)";
				SUPPORTED_PLATFORMS = "iphoneos iphonesimulator";
				SUPPORTS_MACCATALYST = NO;
				SUPPORTS_MAC_DESIGNED_FOR_IPHONE_IPAD = NO;
				SUPPORTS_XR_DESIGNED_FOR_IPHONE_IPAD = NO;
				SWIFT_EMIT_LOC_STRINGS = NO;
				SWIFT_VERSION = 5.0;
				TARGETED_DEVICE_FAMILY = 1;
				TEST_HOST = "$(BUILT_PRODUCTS_DIR)/GeoBoothUIKit.app/$(BUNDLE_EXECUTABLE_FOLDER_PATH)/GeoBoothUIKit";
			};
			name = Debug;
		};
		B6A168662B7B3A4F001457B0 /* Release */ = {
			isa = XCBuildConfiguration;
			buildSettings = {
				BUNDLE_LOADER = "$(TEST_HOST)";
				CODE_SIGN_STYLE = Automatic;
				CURRENT_PROJECT_VERSION = 1;
				DEVELOPMENT_TEAM = U43A7X58YW;
				GENERATE_INFOPLIST_FILE = YES;
				IPHONEOS_DEPLOYMENT_TARGET = 13.0;
				MARKETING_VERSION = 1.0;
				PRODUCT_BUNDLE_IDENTIFIER = me.gregoriusyuristama.GeoBoothUIKitTests;
				PRODUCT_NAME = "$(TARGET_NAME)";
				SUPPORTED_PLATFORMS = "iphoneos iphonesimulator";
				SUPPORTS_MACCATALYST = NO;
				SUPPORTS_MAC_DESIGNED_FOR_IPHONE_IPAD = NO;
				SUPPORTS_XR_DESIGNED_FOR_IPHONE_IPAD = NO;
				SWIFT_EMIT_LOC_STRINGS = NO;
				SWIFT_VERSION = 5.0;
				TARGETED_DEVICE_FAMILY = 1;
				TEST_HOST = "$(BUILT_PRODUCTS_DIR)/GeoBoothUIKit.app/$(BUNDLE_EXECUTABLE_FOLDER_PATH)/GeoBoothUIKit";
			};
			name = Release;
		};
		B6A168742B7B3A64001457B0 /* Debug */ = {
			isa = XCBuildConfiguration;
			buildSettings = {
				CODE_SIGN_STYLE = Automatic;
				CURRENT_PROJECT_VERSION = 1;
				DEVELOPMENT_TEAM = U43A7X58YW;
				GENERATE_INFOPLIST_FILE = YES;
				IPHONEOS_DEPLOYMENT_TARGET = 13.0;
				MARKETING_VERSION = 1.0;
				PRODUCT_BUNDLE_IDENTIFIER = me.gregoriusyuristama.GeoBoothUIKitUITests;
				PRODUCT_NAME = "$(TARGET_NAME)";
				SUPPORTED_PLATFORMS = "iphoneos iphonesimulator";
				SUPPORTS_MACCATALYST = NO;
				SUPPORTS_MAC_DESIGNED_FOR_IPHONE_IPAD = NO;
				SUPPORTS_XR_DESIGNED_FOR_IPHONE_IPAD = NO;
				SWIFT_EMIT_LOC_STRINGS = NO;
				SWIFT_VERSION = 5.0;
				TARGETED_DEVICE_FAMILY = 1;
				TEST_TARGET_NAME = GeoBoothUIKit;
			};
			name = Debug;
		};
		B6A168752B7B3A64001457B0 /* Release */ = {
			isa = XCBuildConfiguration;
			buildSettings = {
				CODE_SIGN_STYLE = Automatic;
				CURRENT_PROJECT_VERSION = 1;
				DEVELOPMENT_TEAM = U43A7X58YW;
				GENERATE_INFOPLIST_FILE = YES;
				IPHONEOS_DEPLOYMENT_TARGET = 13.0;
				MARKETING_VERSION = 1.0;
				PRODUCT_BUNDLE_IDENTIFIER = me.gregoriusyuristama.GeoBoothUIKitUITests;
				PRODUCT_NAME = "$(TARGET_NAME)";
				SUPPORTED_PLATFORMS = "iphoneos iphonesimulator";
				SUPPORTS_MACCATALYST = NO;
				SUPPORTS_MAC_DESIGNED_FOR_IPHONE_IPAD = NO;
				SUPPORTS_XR_DESIGNED_FOR_IPHONE_IPAD = NO;
				SWIFT_EMIT_LOC_STRINGS = NO;
				SWIFT_VERSION = 5.0;
				TARGETED_DEVICE_FAMILY = 1;
				TEST_TARGET_NAME = GeoBoothUIKit;
			};
			name = Release;
		};
		B6BA6D452B73B9D100E01723 /* Debug */ = {
			isa = XCBuildConfiguration;
			buildSettings = {
				ALWAYS_SEARCH_USER_PATHS = NO;
				ASSETCATALOG_COMPILER_GENERATE_SWIFT_ASSET_SYMBOL_EXTENSIONS = YES;
				CLANG_ANALYZER_NONNULL = YES;
				CLANG_ANALYZER_NUMBER_OBJECT_CONVERSION = YES_AGGRESSIVE;
				CLANG_CXX_LANGUAGE_STANDARD = "gnu++20";
				CLANG_ENABLE_MODULES = YES;
				CLANG_ENABLE_OBJC_ARC = YES;
				CLANG_ENABLE_OBJC_WEAK = YES;
				CLANG_WARN_BLOCK_CAPTURE_AUTORELEASING = YES;
				CLANG_WARN_BOOL_CONVERSION = YES;
				CLANG_WARN_COMMA = YES;
				CLANG_WARN_CONSTANT_CONVERSION = YES;
				CLANG_WARN_DEPRECATED_OBJC_IMPLEMENTATIONS = YES;
				CLANG_WARN_DIRECT_OBJC_ISA_USAGE = YES_ERROR;
				CLANG_WARN_DOCUMENTATION_COMMENTS = YES;
				CLANG_WARN_EMPTY_BODY = YES;
				CLANG_WARN_ENUM_CONVERSION = YES;
				CLANG_WARN_INFINITE_RECURSION = YES;
				CLANG_WARN_INT_CONVERSION = YES;
				CLANG_WARN_NON_LITERAL_NULL_CONVERSION = YES;
				CLANG_WARN_OBJC_IMPLICIT_RETAIN_SELF = YES;
				CLANG_WARN_OBJC_LITERAL_CONVERSION = YES;
				CLANG_WARN_OBJC_ROOT_CLASS = YES_ERROR;
				CLANG_WARN_QUOTED_INCLUDE_IN_FRAMEWORK_HEADER = YES;
				CLANG_WARN_RANGE_LOOP_ANALYSIS = YES;
				CLANG_WARN_STRICT_PROTOTYPES = YES;
				CLANG_WARN_SUSPICIOUS_MOVE = YES;
				CLANG_WARN_UNGUARDED_AVAILABILITY = YES_AGGRESSIVE;
				CLANG_WARN_UNREACHABLE_CODE = YES;
				CLANG_WARN__DUPLICATE_METHOD_MATCH = YES;
				COPY_PHASE_STRIP = NO;
				DEBUG_INFORMATION_FORMAT = dwarf;
				ENABLE_STRICT_OBJC_MSGSEND = YES;
				ENABLE_TESTABILITY = YES;
				ENABLE_USER_SCRIPT_SANDBOXING = YES;
				EXCLUDED_ARCHS = "";
				GCC_C_LANGUAGE_STANDARD = gnu17;
				GCC_DYNAMIC_NO_PIC = NO;
				GCC_NO_COMMON_BLOCKS = YES;
				GCC_OPTIMIZATION_LEVEL = 0;
				GCC_PREPROCESSOR_DEFINITIONS = (
					"DEBUG=1",
					"$(inherited)",
				);
				GCC_WARN_64_TO_32_BIT_CONVERSION = YES;
				GCC_WARN_ABOUT_RETURN_TYPE = YES_ERROR;
				GCC_WARN_UNDECLARED_SELECTOR = YES;
				GCC_WARN_UNINITIALIZED_AUTOS = YES_AGGRESSIVE;
				GCC_WARN_UNUSED_FUNCTION = YES;
				GCC_WARN_UNUSED_VARIABLE = YES;
				IPHONEOS_DEPLOYMENT_TARGET = 13.0;
				LOCALIZATION_PREFERS_STRING_CATALOGS = YES;
				MTL_ENABLE_DEBUG_INFO = INCLUDE_SOURCE;
				MTL_FAST_MATH = YES;
				ONLY_ACTIVE_ARCH = YES;
				OTHER_LDFLAGS = (
					"-Xlinker",
					"-interposable",
				);
				SDKROOT = iphoneos;
				SWIFT_ACTIVE_COMPILATION_CONDITIONS = "DEBUG $(inherited)";
				SWIFT_OPTIMIZATION_LEVEL = "-Onone";
			};
			name = Debug;
		};
		B6BA6D462B73B9D100E01723 /* Release */ = {
			isa = XCBuildConfiguration;
			buildSettings = {
				ALWAYS_SEARCH_USER_PATHS = NO;
				ASSETCATALOG_COMPILER_GENERATE_SWIFT_ASSET_SYMBOL_EXTENSIONS = YES;
				CLANG_ANALYZER_NONNULL = YES;
				CLANG_ANALYZER_NUMBER_OBJECT_CONVERSION = YES_AGGRESSIVE;
				CLANG_CXX_LANGUAGE_STANDARD = "gnu++20";
				CLANG_ENABLE_MODULES = YES;
				CLANG_ENABLE_OBJC_ARC = YES;
				CLANG_ENABLE_OBJC_WEAK = YES;
				CLANG_WARN_BLOCK_CAPTURE_AUTORELEASING = YES;
				CLANG_WARN_BOOL_CONVERSION = YES;
				CLANG_WARN_COMMA = YES;
				CLANG_WARN_CONSTANT_CONVERSION = YES;
				CLANG_WARN_DEPRECATED_OBJC_IMPLEMENTATIONS = YES;
				CLANG_WARN_DIRECT_OBJC_ISA_USAGE = YES_ERROR;
				CLANG_WARN_DOCUMENTATION_COMMENTS = YES;
				CLANG_WARN_EMPTY_BODY = YES;
				CLANG_WARN_ENUM_CONVERSION = YES;
				CLANG_WARN_INFINITE_RECURSION = YES;
				CLANG_WARN_INT_CONVERSION = YES;
				CLANG_WARN_NON_LITERAL_NULL_CONVERSION = YES;
				CLANG_WARN_OBJC_IMPLICIT_RETAIN_SELF = YES;
				CLANG_WARN_OBJC_LITERAL_CONVERSION = YES;
				CLANG_WARN_OBJC_ROOT_CLASS = YES_ERROR;
				CLANG_WARN_QUOTED_INCLUDE_IN_FRAMEWORK_HEADER = YES;
				CLANG_WARN_RANGE_LOOP_ANALYSIS = YES;
				CLANG_WARN_STRICT_PROTOTYPES = YES;
				CLANG_WARN_SUSPICIOUS_MOVE = YES;
				CLANG_WARN_UNGUARDED_AVAILABILITY = YES_AGGRESSIVE;
				CLANG_WARN_UNREACHABLE_CODE = YES;
				CLANG_WARN__DUPLICATE_METHOD_MATCH = YES;
				COPY_PHASE_STRIP = NO;
				DEBUG_INFORMATION_FORMAT = "dwarf-with-dsym";
				ENABLE_NS_ASSERTIONS = NO;
				ENABLE_STRICT_OBJC_MSGSEND = YES;
				ENABLE_USER_SCRIPT_SANDBOXING = YES;
				EXCLUDED_ARCHS = "";
				GCC_C_LANGUAGE_STANDARD = gnu17;
				GCC_NO_COMMON_BLOCKS = YES;
				GCC_WARN_64_TO_32_BIT_CONVERSION = YES;
				GCC_WARN_ABOUT_RETURN_TYPE = YES_ERROR;
				GCC_WARN_UNDECLARED_SELECTOR = YES;
				GCC_WARN_UNINITIALIZED_AUTOS = YES_AGGRESSIVE;
				GCC_WARN_UNUSED_FUNCTION = YES;
				GCC_WARN_UNUSED_VARIABLE = YES;
				IPHONEOS_DEPLOYMENT_TARGET = 13.0;
				LOCALIZATION_PREFERS_STRING_CATALOGS = YES;
				MTL_ENABLE_DEBUG_INFO = NO;
				MTL_FAST_MATH = YES;
				ONLY_ACTIVE_ARCH = NO;
				SDKROOT = iphoneos;
				SWIFT_COMPILATION_MODE = wholemodule;
				VALIDATE_PRODUCT = YES;
			};
			name = Release;
		};
		B6BA6D482B73B9D100E01723 /* Debug */ = {
			isa = XCBuildConfiguration;
			buildSettings = {
				ASSETCATALOG_COMPILER_APPICON_NAME = AppIcon;
				ASSETCATALOG_COMPILER_GLOBAL_ACCENT_COLOR_NAME = AccentColor;
				CODE_SIGN_STYLE = Automatic;
				CURRENT_PROJECT_VERSION = 1;
				DEVELOPMENT_TEAM = U43A7X58YW;
				ENABLE_USER_SCRIPT_SANDBOXING = NO;
				GENERATE_INFOPLIST_FILE = YES;
				INFOPLIST_FILE = GeoBoothUIKit/Info.plist;
				INFOPLIST_KEY_NSCameraUsageDescription = "We need access to camera in order to capture photo";
				INFOPLIST_KEY_NSLocationAlwaysUsageDescription = "We need to access your location for saving album location and tracking location on map";
				INFOPLIST_KEY_NSLocationUsageDescription = "We need to access your location for saving album location and tracking location on map";
				INFOPLIST_KEY_NSLocationWhenInUseUsageDescription = "We need to access your location for saving album location and tracking location on map";
				INFOPLIST_KEY_UIApplicationSupportsIndirectInputEvents = YES;
				INFOPLIST_KEY_UILaunchStoryboardName = LaunchScreen;
				INFOPLIST_KEY_UISupportedInterfaceOrientations = UIInterfaceOrientationPortrait;
				INFOPLIST_KEY_UISupportedInterfaceOrientations_iPad = "UIInterfaceOrientationLandscapeLeft UIInterfaceOrientationLandscapeRight UIInterfaceOrientationPortrait UIInterfaceOrientationPortraitUpsideDown";
				INFOPLIST_KEY_UIUserInterfaceStyle = Light;
				IPHONEOS_DEPLOYMENT_TARGET = 13.0;
				LD_RUNPATH_SEARCH_PATHS = (
					"$(inherited)",
					"@executable_path/Frameworks",
				);
				MARKETING_VERSION = 1.0;
				PRODUCT_BUNDLE_IDENTIFIER = me.gregoriusyuristama.GeoBoothUIKit;
				PRODUCT_NAME = "$(TARGET_NAME)";
				SUPPORTED_PLATFORMS = "iphoneos iphonesimulator";
				SUPPORTS_MACCATALYST = NO;
				SUPPORTS_MAC_DESIGNED_FOR_IPHONE_IPAD = NO;
				SUPPORTS_XR_DESIGNED_FOR_IPHONE_IPAD = NO;
				SWIFT_EMIT_LOC_STRINGS = YES;
				SWIFT_VERSION = 5.0;
				TARGETED_DEVICE_FAMILY = 1;
			};
			name = Debug;
		};
		B6BA6D492B73B9D100E01723 /* Release */ = {
			isa = XCBuildConfiguration;
			buildSettings = {
				ASSETCATALOG_COMPILER_APPICON_NAME = AppIcon;
				ASSETCATALOG_COMPILER_GLOBAL_ACCENT_COLOR_NAME = AccentColor;
				CODE_SIGN_STYLE = Automatic;
				CURRENT_PROJECT_VERSION = 1;
				DEVELOPMENT_TEAM = U43A7X58YW;
				ENABLE_USER_SCRIPT_SANDBOXING = NO;
				GENERATE_INFOPLIST_FILE = YES;
				INFOPLIST_FILE = GeoBoothUIKit/Info.plist;
				INFOPLIST_KEY_NSCameraUsageDescription = "We need access to camera in order to capture photo";
				INFOPLIST_KEY_NSLocationAlwaysUsageDescription = "We need to access your location for saving album location and tracking location on map";
				INFOPLIST_KEY_NSLocationUsageDescription = "We need to access your location for saving album location and tracking location on map";
				INFOPLIST_KEY_NSLocationWhenInUseUsageDescription = "We need to access your location for saving album location and tracking location on map";
				INFOPLIST_KEY_UIApplicationSupportsIndirectInputEvents = YES;
				INFOPLIST_KEY_UILaunchStoryboardName = LaunchScreen;
				INFOPLIST_KEY_UISupportedInterfaceOrientations = UIInterfaceOrientationPortrait;
				INFOPLIST_KEY_UISupportedInterfaceOrientations_iPad = "UIInterfaceOrientationLandscapeLeft UIInterfaceOrientationLandscapeRight UIInterfaceOrientationPortrait UIInterfaceOrientationPortraitUpsideDown";
				INFOPLIST_KEY_UIUserInterfaceStyle = Light;
				IPHONEOS_DEPLOYMENT_TARGET = 13.0;
				LD_RUNPATH_SEARCH_PATHS = (
					"$(inherited)",
					"@executable_path/Frameworks",
				);
				MARKETING_VERSION = 1.0;
				PRODUCT_BUNDLE_IDENTIFIER = me.gregoriusyuristama.GeoBoothUIKit;
				PRODUCT_NAME = "$(TARGET_NAME)";
				SUPPORTED_PLATFORMS = "iphoneos iphonesimulator";
				SUPPORTS_MACCATALYST = NO;
				SUPPORTS_MAC_DESIGNED_FOR_IPHONE_IPAD = NO;
				SUPPORTS_XR_DESIGNED_FOR_IPHONE_IPAD = NO;
				SWIFT_EMIT_LOC_STRINGS = YES;
				SWIFT_VERSION = 5.0;
				TARGETED_DEVICE_FAMILY = 1;
			};
			name = Release;
		};
/* End XCBuildConfiguration section */

/* Begin XCConfigurationList section */
		B6A168642B7B3A4F001457B0 /* Build configuration list for PBXNativeTarget "GeoBoothUIKitTests" */ = {
			isa = XCConfigurationList;
			buildConfigurations = (
				B6A168652B7B3A4F001457B0 /* Debug */,
				B6A168662B7B3A4F001457B0 /* Release */,
			);
			defaultConfigurationIsVisible = 0;
			defaultConfigurationName = Release;
		};
		B6A168732B7B3A64001457B0 /* Build configuration list for PBXNativeTarget "GeoBoothUIKitUITests" */ = {
			isa = XCConfigurationList;
			buildConfigurations = (
				B6A168742B7B3A64001457B0 /* Debug */,
				B6A168752B7B3A64001457B0 /* Release */,
			);
			defaultConfigurationIsVisible = 0;
			defaultConfigurationName = Release;
		};
		B6BA6D2E2B73B9CF00E01723 /* Build configuration list for PBXProject "GeoBoothUIKit" */ = {
			isa = XCConfigurationList;
			buildConfigurations = (
				B6BA6D452B73B9D100E01723 /* Debug */,
				B6BA6D462B73B9D100E01723 /* Release */,
			);
			defaultConfigurationIsVisible = 0;
			defaultConfigurationName = Release;
		};
		B6BA6D472B73B9D100E01723 /* Build configuration list for PBXNativeTarget "GeoBoothUIKit" */ = {
			isa = XCConfigurationList;
			buildConfigurations = (
				B6BA6D482B73B9D100E01723 /* Debug */,
				B6BA6D492B73B9D100E01723 /* Release */,
			);
			defaultConfigurationIsVisible = 0;
			defaultConfigurationName = Release;
		};
/* End XCConfigurationList section */

/* Begin XCRemoteSwiftPackageReference section */
		B63B27A02BAEBF7C00658F38 /* XCRemoteSwiftPackageReference "SnapKit" */ = {
			isa = XCRemoteSwiftPackageReference;
			repositoryURL = "https://github.com/SnapKit/SnapKit.git";
			requirement = {
				kind = upToNextMajorVersion;
				minimumVersion = 5.0.1;
			};
		};
		B685B8042BA1F84200D1AB6D /* XCRemoteSwiftPackageReference "supabase-swift" */ = {
			isa = XCRemoteSwiftPackageReference;
			repositoryURL = "https://github.com/supabase-community/supabase-swift.git";
			requirement = {
				kind = upToNextMajorVersion;
				minimumVersion = 2.4.0;
			};
		};
		B68A3A3F2BAABF6B00AC6A11 /* XCRemoteSwiftPackageReference "keychain-swift" */ = {
			isa = XCRemoteSwiftPackageReference;
			repositoryURL = "https://github.com/evgenyneu/keychain-swift.git";
			requirement = {
				kind = upToNextMajorVersion;
				minimumVersion = 21.0.0;
			};
		};
		B68A3A532BAAD4CC00AC6A11 /* XCRemoteSwiftPackageReference "Kingfisher" */ = {
			isa = XCRemoteSwiftPackageReference;
			repositoryURL = "https://github.com/onevcat/Kingfisher.git";
			requirement = {
				kind = upToNextMajorVersion;
				minimumVersion = 7.11.0;
			};
		};
/* End XCRemoteSwiftPackageReference section */

/* Begin XCSwiftPackageProductDependency section */
		B63B27A12BAEBF7C00658F38 /* SnapKit */ = {
			isa = XCSwiftPackageProductDependency;
			package = B63B27A02BAEBF7C00658F38 /* XCRemoteSwiftPackageReference "SnapKit" */;
			productName = SnapKit;
		};
		B685B8052BA1F84200D1AB6D /* Auth */ = {
			isa = XCSwiftPackageProductDependency;
			package = B685B8042BA1F84200D1AB6D /* XCRemoteSwiftPackageReference "supabase-swift" */;
			productName = Auth;
		};
		B685B8072BA1F84200D1AB6D /* Functions */ = {
			isa = XCSwiftPackageProductDependency;
			package = B685B8042BA1F84200D1AB6D /* XCRemoteSwiftPackageReference "supabase-swift" */;
			productName = Functions;
		};
		B685B8092BA1F84200D1AB6D /* PostgREST */ = {
			isa = XCSwiftPackageProductDependency;
			package = B685B8042BA1F84200D1AB6D /* XCRemoteSwiftPackageReference "supabase-swift" */;
			productName = PostgREST;
		};
		B685B80B2BA1F84200D1AB6D /* Realtime */ = {
			isa = XCSwiftPackageProductDependency;
			package = B685B8042BA1F84200D1AB6D /* XCRemoteSwiftPackageReference "supabase-swift" */;
			productName = Realtime;
		};
		B685B80D2BA1F84200D1AB6D /* Storage */ = {
			isa = XCSwiftPackageProductDependency;
			package = B685B8042BA1F84200D1AB6D /* XCRemoteSwiftPackageReference "supabase-swift" */;
			productName = Storage;
		};
		B685B80F2BA1F84200D1AB6D /* Supabase */ = {
			isa = XCSwiftPackageProductDependency;
			package = B685B8042BA1F84200D1AB6D /* XCRemoteSwiftPackageReference "supabase-swift" */;
			productName = Supabase;
		};
		B68A3A402BAABF6B00AC6A11 /* KeychainSwift */ = {
			isa = XCSwiftPackageProductDependency;
			package = B68A3A3F2BAABF6B00AC6A11 /* XCRemoteSwiftPackageReference "keychain-swift" */;
			productName = KeychainSwift;
		};
		B68A3A542BAAD4CC00AC6A11 /* Kingfisher */ = {
			isa = XCSwiftPackageProductDependency;
			package = B68A3A532BAAD4CC00AC6A11 /* XCRemoteSwiftPackageReference "Kingfisher" */;
			productName = Kingfisher;
		};
/* End XCSwiftPackageProductDependency section */
	};
	rootObject = B6BA6D2B2B73B9CF00E01723 /* Project object */;
}
